// !$*UTF8*$!
{
	archiveVersion = 1;
	classes = {
	};
	objectVersion = 50;
	objects = {

/* Begin PBXBuildFile section */
		8E27864922411CC600430D34 /* LoggingTestBundle in Resources */ = {isa = PBXBuildFile; fileRef = 8E27864822411CC600430D34 /* LoggingTestBundle */; };
		8E27864A22411CC600430D34 /* LoggingTestBundle in Resources */ = {isa = PBXBuildFile; fileRef = 8E27864822411CC600430D34 /* LoggingTestBundle */; };
		8E27864B22411CC600430D34 /* LoggingTestBundle in Resources */ = {isa = PBXBuildFile; fileRef = 8E27864822411CC600430D34 /* LoggingTestBundle */; };
		8E27865322411E5600430D34 /* GlobalLoggingTests.swift in Sources */ = {isa = PBXBuildFile; fileRef = 8E27865222411E5600430D34 /* GlobalLoggingTests.swift */; };
		8E27865422411E5600430D34 /* GlobalLoggingTests.swift in Sources */ = {isa = PBXBuildFile; fileRef = 8E27865222411E5600430D34 /* GlobalLoggingTests.swift */; };
		8E27865522411E5600430D34 /* GlobalLoggingTests.swift in Sources */ = {isa = PBXBuildFile; fileRef = 8E27865222411E5600430D34 /* GlobalLoggingTests.swift */; };
		8E2786572241227A00430D34 /* GlobalLocalization.swift in Sources */ = {isa = PBXBuildFile; fileRef = 8E2786562241227A00430D34 /* GlobalLocalization.swift */; };
		8E2786582241227A00430D34 /* GlobalLocalization.swift in Sources */ = {isa = PBXBuildFile; fileRef = 8E2786562241227A00430D34 /* GlobalLocalization.swift */; };
		8E2786592241227A00430D34 /* GlobalLocalization.swift in Sources */ = {isa = PBXBuildFile; fileRef = 8E2786562241227A00430D34 /* GlobalLocalization.swift */; };
		8E27865A2241227A00430D34 /* GlobalLocalization.swift in Sources */ = {isa = PBXBuildFile; fileRef = 8E2786562241227A00430D34 /* GlobalLocalization.swift */; };
		8E27865C2241230E00430D34 /* GlobalNotificationCenter.swift in Sources */ = {isa = PBXBuildFile; fileRef = 8E27865B2241230E00430D34 /* GlobalNotificationCenter.swift */; };
		8E27865D2241230E00430D34 /* GlobalNotificationCenter.swift in Sources */ = {isa = PBXBuildFile; fileRef = 8E27865B2241230E00430D34 /* GlobalNotificationCenter.swift */; };
		8E27865E2241230E00430D34 /* GlobalNotificationCenter.swift in Sources */ = {isa = PBXBuildFile; fileRef = 8E27865B2241230E00430D34 /* GlobalNotificationCenter.swift */; };
		8E27865F2241230E00430D34 /* GlobalNotificationCenter.swift in Sources */ = {isa = PBXBuildFile; fileRef = 8E27865B2241230E00430D34 /* GlobalNotificationCenter.swift */; };
		8E2786612241269200430D34 /* Localization+Locale.swift in Sources */ = {isa = PBXBuildFile; fileRef = 8E2786602241269200430D34 /* Localization+Locale.swift */; };
		8E2786622241269200430D34 /* Localization+Locale.swift in Sources */ = {isa = PBXBuildFile; fileRef = 8E2786602241269200430D34 /* Localization+Locale.swift */; };
		8E2786632241269200430D34 /* Localization+Locale.swift in Sources */ = {isa = PBXBuildFile; fileRef = 8E2786602241269200430D34 /* Localization+Locale.swift */; };
		8E2786642241269200430D34 /* Localization+Locale.swift in Sources */ = {isa = PBXBuildFile; fileRef = 8E2786602241269200430D34 /* Localization+Locale.swift */; };
		8E278666224144C900430D34 /* GlobalLocalizationTests.swift in Sources */ = {isa = PBXBuildFile; fileRef = 8E278665224144C900430D34 /* GlobalLocalizationTests.swift */; };
		8E278667224144C900430D34 /* GlobalLocalizationTests.swift in Sources */ = {isa = PBXBuildFile; fileRef = 8E278665224144C900430D34 /* GlobalLocalizationTests.swift */; };
		8E278668224144C900430D34 /* GlobalLocalizationTests.swift in Sources */ = {isa = PBXBuildFile; fileRef = 8E278665224144C900430D34 /* GlobalLocalizationTests.swift */; };
		8E27866A224174DC00430D34 /* Getting Started.md in Resources */ = {isa = PBXBuildFile; fileRef = 8E278669224174DC00430D34 /* Getting Started.md */; };
		8E27866B224174DC00430D34 /* Getting Started.md in Resources */ = {isa = PBXBuildFile; fileRef = 8E278669224174DC00430D34 /* Getting Started.md */; };
		8E27866C224174DC00430D34 /* Getting Started.md in Resources */ = {isa = PBXBuildFile; fileRef = 8E278669224174DC00430D34 /* Getting Started.md */; };
		8E27866D224174DC00430D34 /* Getting Started.md in Resources */ = {isa = PBXBuildFile; fileRef = 8E278669224174DC00430D34 /* Getting Started.md */; };
		8EBD476F224063B400CD2639 /* UBFoundation.h in Headers */ = {isa = PBXBuildFile; fileRef = 8EBD476D224063B400CD2639 /* UBFoundation.h */; settings = {ATTRIBUTES = (Public, ); }; };
		8EBD479B2240669400CD2639 /* UBFoundation.h in Headers */ = {isa = PBXBuildFile; fileRef = 8EBD476D224063B400CD2639 /* UBFoundation.h */; settings = {ATTRIBUTES = (Public, ); }; };
		8EBD479C2240669400CD2639 /* UBFoundation.h in Headers */ = {isa = PBXBuildFile; fileRef = 8EBD476D224063B400CD2639 /* UBFoundation.h */; settings = {ATTRIBUTES = (Public, ); }; };
		8EBD479D2240669500CD2639 /* UBFoundation.h in Headers */ = {isa = PBXBuildFile; fileRef = 8EBD476D224063B400CD2639 /* UBFoundation.h */; settings = {ATTRIBUTES = (Public, ); }; };
		8EBD47AA22406CBF00CD2639 /* Assets.xcassets in Resources */ = {isa = PBXBuildFile; fileRef = 8EBD47A922406CBF00CD2639 /* Assets.xcassets */; };
		8EBD47AB22406CBF00CD2639 /* Assets.xcassets in Resources */ = {isa = PBXBuildFile; fileRef = 8EBD47A922406CBF00CD2639 /* Assets.xcassets */; };
		8EBD47AC22406CBF00CD2639 /* Assets.xcassets in Resources */ = {isa = PBXBuildFile; fileRef = 8EBD47A922406CBF00CD2639 /* Assets.xcassets */; };
		8EBD47AD22406CBF00CD2639 /* Assets.xcassets in Resources */ = {isa = PBXBuildFile; fileRef = 8EBD47A922406CBF00CD2639 /* Assets.xcassets */; };
		8EBD47B722406F8900CD2639 /* UBFoundation.framework in Frameworks */ = {isa = PBXBuildFile; fileRef = 8EBD476A224063B400CD2639 /* UBFoundation.framework */; };
		8EBD47C622406FB400CD2639 /* UBFoundation.framework in Frameworks */ = {isa = PBXBuildFile; fileRef = 8EBD4785224063FD00CD2639 /* UBFoundation.framework */; };
		8EBD47D522406FC200CD2639 /* UBFoundation.framework in Frameworks */ = {isa = PBXBuildFile; fileRef = 8EBD47922240642300CD2639 /* UBFoundation.framework */; };
		8EBD47E52240765200CD2639 /* Logger.swift in Sources */ = {isa = PBXBuildFile; fileRef = 8EBD47DF2240765200CD2639 /* Logger.swift */; };
		8EBD47E62240765200CD2639 /* Logger.swift in Sources */ = {isa = PBXBuildFile; fileRef = 8EBD47DF2240765200CD2639 /* Logger.swift */; };
		8EBD47E72240765200CD2639 /* Logger.swift in Sources */ = {isa = PBXBuildFile; fileRef = 8EBD47DF2240765200CD2639 /* Logger.swift */; };
		8EBD47E82240765200CD2639 /* Logger.swift in Sources */ = {isa = PBXBuildFile; fileRef = 8EBD47DF2240765200CD2639 /* Logger.swift */; };
		8EBD47E92240765200CD2639 /* LoggerGroup.swift in Sources */ = {isa = PBXBuildFile; fileRef = 8EBD47E02240765200CD2639 /* LoggerGroup.swift */; };
		8EBD47EA2240765200CD2639 /* LoggerGroup.swift in Sources */ = {isa = PBXBuildFile; fileRef = 8EBD47E02240765200CD2639 /* LoggerGroup.swift */; };
		8EBD47EB2240765200CD2639 /* LoggerGroup.swift in Sources */ = {isa = PBXBuildFile; fileRef = 8EBD47E02240765200CD2639 /* LoggerGroup.swift */; };
		8EBD47EC2240765200CD2639 /* LoggerGroup.swift in Sources */ = {isa = PBXBuildFile; fileRef = 8EBD47E02240765200CD2639 /* LoggerGroup.swift */; };
		8EBD47F62240770000CD2639 /* Localization+Formatter.swift in Sources */ = {isa = PBXBuildFile; fileRef = 8EBD47EE2240770000CD2639 /* Localization+Formatter.swift */; };
		8EBD47F72240770000CD2639 /* Localization+Formatter.swift in Sources */ = {isa = PBXBuildFile; fileRef = 8EBD47EE2240770000CD2639 /* Localization+Formatter.swift */; };
		8EBD47F82240770000CD2639 /* Localization+Formatter.swift in Sources */ = {isa = PBXBuildFile; fileRef = 8EBD47EE2240770000CD2639 /* Localization+Formatter.swift */; };
		8EBD47F92240770000CD2639 /* Localization+Formatter.swift in Sources */ = {isa = PBXBuildFile; fileRef = 8EBD47EE2240770000CD2639 /* Localization+Formatter.swift */; };
		8EBD47FA2240770000CD2639 /* Localization+Notification.swift in Sources */ = {isa = PBXBuildFile; fileRef = 8EBD47EF2240770000CD2639 /* Localization+Notification.swift */; };
		8EBD47FB2240770000CD2639 /* Localization+Notification.swift in Sources */ = {isa = PBXBuildFile; fileRef = 8EBD47EF2240770000CD2639 /* Localization+Notification.swift */; };
		8EBD47FC2240770000CD2639 /* Localization+Notification.swift in Sources */ = {isa = PBXBuildFile; fileRef = 8EBD47EF2240770000CD2639 /* Localization+Notification.swift */; };
		8EBD47FD2240770000CD2639 /* Localization+Notification.swift in Sources */ = {isa = PBXBuildFile; fileRef = 8EBD47EF2240770000CD2639 /* Localization+Notification.swift */; };
		8EBD47FE2240770000CD2639 /* Language.swift in Sources */ = {isa = PBXBuildFile; fileRef = 8EBD47F02240770000CD2639 /* Language.swift */; };
		8EBD47FF2240770000CD2639 /* Language.swift in Sources */ = {isa = PBXBuildFile; fileRef = 8EBD47F02240770000CD2639 /* Language.swift */; };
		8EBD48002240770000CD2639 /* Language.swift in Sources */ = {isa = PBXBuildFile; fileRef = 8EBD47F02240770000CD2639 /* Language.swift */; };
		8EBD48012240770000CD2639 /* Language.swift in Sources */ = {isa = PBXBuildFile; fileRef = 8EBD47F02240770000CD2639 /* Language.swift */; };
		8EBD48022240770000CD2639 /* Localization.swift in Sources */ = {isa = PBXBuildFile; fileRef = 8EBD47F12240770000CD2639 /* Localization.swift */; };
		8EBD48032240770000CD2639 /* Localization.swift in Sources */ = {isa = PBXBuildFile; fileRef = 8EBD47F12240770000CD2639 /* Localization.swift */; };
		8EBD48042240770000CD2639 /* Localization.swift in Sources */ = {isa = PBXBuildFile; fileRef = 8EBD47F12240770000CD2639 /* Localization.swift */; };
		8EBD48052240770000CD2639 /* Localization.swift in Sources */ = {isa = PBXBuildFile; fileRef = 8EBD47F12240770000CD2639 /* Localization.swift */; };
		8EBD48062240770000CD2639 /* Localization+String.swift in Sources */ = {isa = PBXBuildFile; fileRef = 8EBD47F22240770000CD2639 /* Localization+String.swift */; };
		8EBD48072240770000CD2639 /* Localization+String.swift in Sources */ = {isa = PBXBuildFile; fileRef = 8EBD47F22240770000CD2639 /* Localization+String.swift */; };
		8EBD48082240770000CD2639 /* Localization+String.swift in Sources */ = {isa = PBXBuildFile; fileRef = 8EBD47F22240770000CD2639 /* Localization+String.swift */; };
		8EBD48092240770000CD2639 /* Localization+String.swift in Sources */ = {isa = PBXBuildFile; fileRef = 8EBD47F22240770000CD2639 /* Localization+String.swift */; };
		8EBD480A2240770000CD2639 /* Localization+Bundle.swift in Sources */ = {isa = PBXBuildFile; fileRef = 8EBD47F32240770000CD2639 /* Localization+Bundle.swift */; };
		8EBD480B2240770000CD2639 /* Localization+Bundle.swift in Sources */ = {isa = PBXBuildFile; fileRef = 8EBD47F32240770000CD2639 /* Localization+Bundle.swift */; };
		8EBD480C2240770000CD2639 /* Localization+Bundle.swift in Sources */ = {isa = PBXBuildFile; fileRef = 8EBD47F32240770000CD2639 /* Localization+Bundle.swift */; };
		8EBD480D2240770000CD2639 /* Localization+Bundle.swift in Sources */ = {isa = PBXBuildFile; fileRef = 8EBD47F32240770000CD2639 /* Localization+Bundle.swift */; };
		8EBD480E2240770000CD2639 /* Localization+Languages.swift in Sources */ = {isa = PBXBuildFile; fileRef = 8EBD47F42240770000CD2639 /* Localization+Languages.swift */; };
		8EBD480F2240770000CD2639 /* Localization+Languages.swift in Sources */ = {isa = PBXBuildFile; fileRef = 8EBD47F42240770000CD2639 /* Localization+Languages.swift */; };
		8EBD48102240770000CD2639 /* Localization+Languages.swift in Sources */ = {isa = PBXBuildFile; fileRef = 8EBD47F42240770000CD2639 /* Localization+Languages.swift */; };
		8EBD48112240770000CD2639 /* Localization+Languages.swift in Sources */ = {isa = PBXBuildFile; fileRef = 8EBD47F42240770000CD2639 /* Localization+Languages.swift */; };
		8EBD48122240770000CD2639 /* Localization+Error.swift in Sources */ = {isa = PBXBuildFile; fileRef = 8EBD47F52240770000CD2639 /* Localization+Error.swift */; };
		8EBD48132240770000CD2639 /* Localization+Error.swift in Sources */ = {isa = PBXBuildFile; fileRef = 8EBD47F52240770000CD2639 /* Localization+Error.swift */; };
		8EBD48142240770000CD2639 /* Localization+Error.swift in Sources */ = {isa = PBXBuildFile; fileRef = 8EBD47F52240770000CD2639 /* Localization+Error.swift */; };
		8EBD48152240770000CD2639 /* Localization+Error.swift in Sources */ = {isa = PBXBuildFile; fileRef = 8EBD47F52240770000CD2639 /* Localization+Error.swift */; };
		8EBD48182240773900CD2639 /* GlobalLogging.swift in Sources */ = {isa = PBXBuildFile; fileRef = 8EBD48172240773900CD2639 /* GlobalLogging.swift */; };
		8EBD48192240773900CD2639 /* GlobalLogging.swift in Sources */ = {isa = PBXBuildFile; fileRef = 8EBD48172240773900CD2639 /* GlobalLogging.swift */; };
		8EBD481A2240773900CD2639 /* GlobalLogging.swift in Sources */ = {isa = PBXBuildFile; fileRef = 8EBD48172240773900CD2639 /* GlobalLogging.swift */; };
		8EBD481B2240773900CD2639 /* GlobalLogging.swift in Sources */ = {isa = PBXBuildFile; fileRef = 8EBD48172240773900CD2639 /* GlobalLogging.swift */; };
		8EBD482822407A6F00CD2639 /* LanguageTests.swift in Sources */ = {isa = PBXBuildFile; fileRef = 8EBD482722407A6F00CD2639 /* LanguageTests.swift */; };
		8EBD482922407A6F00CD2639 /* LanguageTests.swift in Sources */ = {isa = PBXBuildFile; fileRef = 8EBD482722407A6F00CD2639 /* LanguageTests.swift */; };
		8EBD482A22407A6F00CD2639 /* LanguageTests.swift in Sources */ = {isa = PBXBuildFile; fileRef = 8EBD482722407A6F00CD2639 /* LanguageTests.swift */; };
		8EBD483A22408E1000CD2639 /* LocalizationTests.swift in Sources */ = {isa = PBXBuildFile; fileRef = 8EBD483922408E1000CD2639 /* LocalizationTests.swift */; };
		8EBD483B22408E1000CD2639 /* LocalizationTests.swift in Sources */ = {isa = PBXBuildFile; fileRef = 8EBD483922408E1000CD2639 /* LocalizationTests.swift */; };
		8EBD483C22408E1000CD2639 /* LocalizationTests.swift in Sources */ = {isa = PBXBuildFile; fileRef = 8EBD483922408E1000CD2639 /* LocalizationTests.swift */; };
		8EBD483E2240937E00CD2639 /* LocalizationTestBundle in Resources */ = {isa = PBXBuildFile; fileRef = 8EBD483D2240937E00CD2639 /* LocalizationTestBundle */; };
		8EBD483F2240937E00CD2639 /* LocalizationTestBundle in Resources */ = {isa = PBXBuildFile; fileRef = 8EBD483D2240937E00CD2639 /* LocalizationTestBundle */; };
		8EBD48402240937E00CD2639 /* LocalizationTestBundle in Resources */ = {isa = PBXBuildFile; fileRef = 8EBD483D2240937E00CD2639 /* LocalizationTestBundle */; };
		8EBD48472240FB3400CD2639 /* CodeReviewProcess.md in Resources */ = {isa = PBXBuildFile; fileRef = 8EBD48462240FB3400CD2639 /* CodeReviewProcess.md */; };
		8EBD48482240FB3400CD2639 /* CodeReviewProcess.md in Resources */ = {isa = PBXBuildFile; fileRef = 8EBD48462240FB3400CD2639 /* CodeReviewProcess.md */; };
		8EBD48492240FB3400CD2639 /* CodeReviewProcess.md in Resources */ = {isa = PBXBuildFile; fileRef = 8EBD48462240FB3400CD2639 /* CodeReviewProcess.md */; };
		8EBD484B2240FFE200CD2639 /* LoggerTests.swift in Sources */ = {isa = PBXBuildFile; fileRef = 8EBD484A2240FFE200CD2639 /* LoggerTests.swift */; };
		8EBD484C2240FFE200CD2639 /* LoggerTests.swift in Sources */ = {isa = PBXBuildFile; fileRef = 8EBD484A2240FFE200CD2639 /* LoggerTests.swift */; };
		8EBD484D2240FFE200CD2639 /* LoggerTests.swift in Sources */ = {isa = PBXBuildFile; fileRef = 8EBD484A2240FFE200CD2639 /* LoggerTests.swift */; };
		8EBD484F22410F6300CD2639 /* LoggerGroupTests.swift in Sources */ = {isa = PBXBuildFile; fileRef = 8EBD484E22410F6300CD2639 /* LoggerGroupTests.swift */; };
		8EBD485022410F6300CD2639 /* LoggerGroupTests.swift in Sources */ = {isa = PBXBuildFile; fileRef = 8EBD484E22410F6300CD2639 /* LoggerGroupTests.swift */; };
		8EBD485122410F6300CD2639 /* LoggerGroupTests.swift in Sources */ = {isa = PBXBuildFile; fileRef = 8EBD484E22410F6300CD2639 /* LoggerGroupTests.swift */; };
		8EBD4856224119AD00CD2639 /* Logger+Error.swift in Sources */ = {isa = PBXBuildFile; fileRef = 8EBD48522241188B00CD2639 /* Logger+Error.swift */; };
		8EBD4857224119AD00CD2639 /* Logger+Error.swift in Sources */ = {isa = PBXBuildFile; fileRef = 8EBD48522241188B00CD2639 /* Logger+Error.swift */; };
		8EBD4858224119AE00CD2639 /* Logger+Error.swift in Sources */ = {isa = PBXBuildFile; fileRef = 8EBD48522241188B00CD2639 /* Logger+Error.swift */; };
		8EBD4859224119AF00CD2639 /* Logger+Error.swift in Sources */ = {isa = PBXBuildFile; fileRef = 8EBD48522241188B00CD2639 /* Logger+Error.swift */; };
/* End PBXBuildFile section */

/* Begin PBXContainerItemProxy section */
		8EBD47B822406F8900CD2639 /* PBXContainerItemProxy */ = {
			isa = PBXContainerItemProxy;
			containerPortal = 8EBD475F2240636A00CD2639 /* Project object */;
			proxyType = 1;
			remoteGlobalIDString = 8EBD4769224063B400CD2639;
			remoteInfo = "UBFoundation iOS";
		};
		8EBD47C722406FB400CD2639 /* PBXContainerItemProxy */ = {
			isa = PBXContainerItemProxy;
			containerPortal = 8EBD475F2240636A00CD2639 /* Project object */;
			proxyType = 1;
			remoteGlobalIDString = 8EBD4784224063FD00CD2639;
			remoteInfo = "UBFoundation tvOS";
		};
		8EBD47D622406FC200CD2639 /* PBXContainerItemProxy */ = {
			isa = PBXContainerItemProxy;
			containerPortal = 8EBD475F2240636A00CD2639 /* Project object */;
			proxyType = 1;
			remoteGlobalIDString = 8EBD47912240642300CD2639;
			remoteInfo = "UBFoundation macOS";
		};
/* End PBXContainerItemProxy section */

/* Begin PBXFileReference section */
		8E27864822411CC600430D34 /* LoggingTestBundle */ = {isa = PBXFileReference; lastKnownFileType = folder; path = LoggingTestBundle; sourceTree = "<group>"; };
		8E27865222411E5600430D34 /* GlobalLoggingTests.swift */ = {isa = PBXFileReference; lastKnownFileType = sourcecode.swift; path = GlobalLoggingTests.swift; sourceTree = "<group>"; };
		8E2786562241227A00430D34 /* GlobalLocalization.swift */ = {isa = PBXFileReference; lastKnownFileType = sourcecode.swift; path = GlobalLocalization.swift; sourceTree = "<group>"; };
		8E27865B2241230E00430D34 /* GlobalNotificationCenter.swift */ = {isa = PBXFileReference; lastKnownFileType = sourcecode.swift; path = GlobalNotificationCenter.swift; sourceTree = "<group>"; };
		8E2786602241269200430D34 /* Localization+Locale.swift */ = {isa = PBXFileReference; lastKnownFileType = sourcecode.swift; path = "Localization+Locale.swift"; sourceTree = "<group>"; };
		8E278665224144C900430D34 /* GlobalLocalizationTests.swift */ = {isa = PBXFileReference; lastKnownFileType = sourcecode.swift; path = GlobalLocalizationTests.swift; sourceTree = "<group>"; };
		8E278669224174DC00430D34 /* Getting Started.md */ = {isa = PBXFileReference; fileEncoding = 4; lastKnownFileType = net.daringfireball.markdown; name = "Getting Started.md"; path = "Documentation/Getting Started.md"; sourceTree = "<group>"; };
		8EBD476A224063B400CD2639 /* UBFoundation.framework */ = {isa = PBXFileReference; explicitFileType = wrapper.framework; includeInIndex = 0; path = UBFoundation.framework; sourceTree = BUILT_PRODUCTS_DIR; };
		8EBD476D224063B400CD2639 /* UBFoundation.h */ = {isa = PBXFileReference; lastKnownFileType = sourcecode.c.h; path = UBFoundation.h; sourceTree = "<group>"; };
		8EBD476E224063B400CD2639 /* Info.plist */ = {isa = PBXFileReference; lastKnownFileType = text.plist.xml; path = Info.plist; sourceTree = "<group>"; };
		8EBD4778224063D300CD2639 /* UBFoundation.framework */ = {isa = PBXFileReference; explicitFileType = wrapper.framework; includeInIndex = 0; path = UBFoundation.framework; sourceTree = BUILT_PRODUCTS_DIR; };
		8EBD4785224063FD00CD2639 /* UBFoundation.framework */ = {isa = PBXFileReference; explicitFileType = wrapper.framework; includeInIndex = 0; path = UBFoundation.framework; sourceTree = BUILT_PRODUCTS_DIR; };
		8EBD47922240642300CD2639 /* UBFoundation.framework */ = {isa = PBXFileReference; explicitFileType = wrapper.framework; includeInIndex = 0; path = UBFoundation.framework; sourceTree = BUILT_PRODUCTS_DIR; };
		8EBD47A922406CBF00CD2639 /* Assets.xcassets */ = {isa = PBXFileReference; lastKnownFileType = folder.assetcatalog; path = Assets.xcassets; sourceTree = "<group>"; };
		8EBD47B222406F8900CD2639 /* UBFoundation iOS Tests.xctest */ = {isa = PBXFileReference; explicitFileType = wrapper.cfbundle; includeInIndex = 0; path = "UBFoundation iOS Tests.xctest"; sourceTree = BUILT_PRODUCTS_DIR; };
		8EBD47B622406F8900CD2639 /* Info.plist */ = {isa = PBXFileReference; lastKnownFileType = text.plist.xml; path = Info.plist; sourceTree = "<group>"; };
		8EBD47C122406FB400CD2639 /* UBFoundation tvOS Tests.xctest */ = {isa = PBXFileReference; explicitFileType = wrapper.cfbundle; includeInIndex = 0; path = "UBFoundation tvOS Tests.xctest"; sourceTree = BUILT_PRODUCTS_DIR; };
		8EBD47D022406FC200CD2639 /* UBFoundation macOS Tests.xctest */ = {isa = PBXFileReference; explicitFileType = wrapper.cfbundle; includeInIndex = 0; path = "UBFoundation macOS Tests.xctest"; sourceTree = BUILT_PRODUCTS_DIR; };
		8EBD47DF2240765200CD2639 /* Logger.swift */ = {isa = PBXFileReference; fileEncoding = 4; lastKnownFileType = sourcecode.swift; path = Logger.swift; sourceTree = "<group>"; };
		8EBD47E02240765200CD2639 /* LoggerGroup.swift */ = {isa = PBXFileReference; fileEncoding = 4; lastKnownFileType = sourcecode.swift; path = LoggerGroup.swift; sourceTree = "<group>"; };
		8EBD47EE2240770000CD2639 /* Localization+Formatter.swift */ = {isa = PBXFileReference; fileEncoding = 4; lastKnownFileType = sourcecode.swift; path = "Localization+Formatter.swift"; sourceTree = "<group>"; };
		8EBD47EF2240770000CD2639 /* Localization+Notification.swift */ = {isa = PBXFileReference; fileEncoding = 4; lastKnownFileType = sourcecode.swift; path = "Localization+Notification.swift"; sourceTree = "<group>"; };
		8EBD47F02240770000CD2639 /* Language.swift */ = {isa = PBXFileReference; fileEncoding = 4; lastKnownFileType = sourcecode.swift; path = Language.swift; sourceTree = "<group>"; };
		8EBD47F12240770000CD2639 /* Localization.swift */ = {isa = PBXFileReference; fileEncoding = 4; lastKnownFileType = sourcecode.swift; path = Localization.swift; sourceTree = "<group>"; };
		8EBD47F22240770000CD2639 /* Localization+String.swift */ = {isa = PBXFileReference; fileEncoding = 4; lastKnownFileType = sourcecode.swift; path = "Localization+String.swift"; sourceTree = "<group>"; };
		8EBD47F32240770000CD2639 /* Localization+Bundle.swift */ = {isa = PBXFileReference; fileEncoding = 4; lastKnownFileType = sourcecode.swift; path = "Localization+Bundle.swift"; sourceTree = "<group>"; };
		8EBD47F42240770000CD2639 /* Localization+Languages.swift */ = {isa = PBXFileReference; fileEncoding = 4; lastKnownFileType = sourcecode.swift; path = "Localization+Languages.swift"; sourceTree = "<group>"; };
		8EBD47F52240770000CD2639 /* Localization+Error.swift */ = {isa = PBXFileReference; fileEncoding = 4; lastKnownFileType = sourcecode.swift; path = "Localization+Error.swift"; sourceTree = "<group>"; };
		8EBD48172240773900CD2639 /* GlobalLogging.swift */ = {isa = PBXFileReference; fileEncoding = 4; lastKnownFileType = sourcecode.swift; path = GlobalLogging.swift; sourceTree = "<group>"; };
		8EBD482722407A6F00CD2639 /* LanguageTests.swift */ = {isa = PBXFileReference; lastKnownFileType = sourcecode.swift; path = LanguageTests.swift; sourceTree = "<group>"; };
		8EBD4834224082E400CD2639 /* CHANGELOG.md */ = {isa = PBXFileReference; lastKnownFileType = net.daringfireball.markdown; path = CHANGELOG.md; sourceTree = "<group>"; };
		8EBD4835224082E400CD2639 /* README.md */ = {isa = PBXFileReference; lastKnownFileType = net.daringfireball.markdown; path = README.md; sourceTree = "<group>"; };
		8EBD48362240863F00CD2639 /* LICENSE.md */ = {isa = PBXFileReference; lastKnownFileType = net.daringfireball.markdown; path = LICENSE.md; sourceTree = "<group>"; };
		8EBD483922408E1000CD2639 /* LocalizationTests.swift */ = {isa = PBXFileReference; lastKnownFileType = sourcecode.swift; path = LocalizationTests.swift; sourceTree = "<group>"; };
		8EBD483D2240937E00CD2639 /* LocalizationTestBundle */ = {isa = PBXFileReference; lastKnownFileType = folder; path = LocalizationTestBundle; sourceTree = "<group>"; };
		8EBD48462240FB3400CD2639 /* CodeReviewProcess.md */ = {isa = PBXFileReference; fileEncoding = 4; lastKnownFileType = net.daringfireball.markdown; name = CodeReviewProcess.md; path = Documentation/CodeReviewProcess.md; sourceTree = "<group>"; };
		8EBD484A2240FFE200CD2639 /* LoggerTests.swift */ = {isa = PBXFileReference; lastKnownFileType = sourcecode.swift; path = LoggerTests.swift; sourceTree = "<group>"; };
		8EBD484E22410F6300CD2639 /* LoggerGroupTests.swift */ = {isa = PBXFileReference; lastKnownFileType = sourcecode.swift; path = LoggerGroupTests.swift; sourceTree = "<group>"; };
		8EBD48522241188B00CD2639 /* Logger+Error.swift */ = {isa = PBXFileReference; lastKnownFileType = sourcecode.swift; path = "Logger+Error.swift"; sourceTree = "<group>"; };
/* End PBXFileReference section */

/* Begin PBXFrameworksBuildPhase section */
		8EBD4767224063B400CD2639 /* Frameworks */ = {
			isa = PBXFrameworksBuildPhase;
			buildActionMask = 2147483647;
			files = (
			);
			runOnlyForDeploymentPostprocessing = 0;
		};
		8EBD4775224063D300CD2639 /* Frameworks */ = {
			isa = PBXFrameworksBuildPhase;
			buildActionMask = 2147483647;
			files = (
			);
			runOnlyForDeploymentPostprocessing = 0;
		};
		8EBD4782224063FD00CD2639 /* Frameworks */ = {
			isa = PBXFrameworksBuildPhase;
			buildActionMask = 2147483647;
			files = (
			);
			runOnlyForDeploymentPostprocessing = 0;
		};
		8EBD478F2240642300CD2639 /* Frameworks */ = {
			isa = PBXFrameworksBuildPhase;
			buildActionMask = 2147483647;
			files = (
			);
			runOnlyForDeploymentPostprocessing = 0;
		};
		8EBD47AF22406F8900CD2639 /* Frameworks */ = {
			isa = PBXFrameworksBuildPhase;
			buildActionMask = 2147483647;
			files = (
				8EBD47B722406F8900CD2639 /* UBFoundation.framework in Frameworks */,
			);
			runOnlyForDeploymentPostprocessing = 0;
		};
		8EBD47BE22406FB400CD2639 /* Frameworks */ = {
			isa = PBXFrameworksBuildPhase;
			buildActionMask = 2147483647;
			files = (
				8EBD47C622406FB400CD2639 /* UBFoundation.framework in Frameworks */,
			);
			runOnlyForDeploymentPostprocessing = 0;
		};
		8EBD47CD22406FC200CD2639 /* Frameworks */ = {
			isa = PBXFrameworksBuildPhase;
			buildActionMask = 2147483647;
			files = (
				8EBD47D522406FC200CD2639 /* UBFoundation.framework in Frameworks */,
			);
			runOnlyForDeploymentPostprocessing = 0;
		};
/* End PBXFrameworksBuildPhase section */

/* Begin PBXGroup section */
		8E27864C22411DE300430D34 /* Globals */ = {
			isa = PBXGroup;
			children = (
				8E278665224144C900430D34 /* GlobalLocalizationTests.swift */,
				8E27865222411E5600430D34 /* GlobalLoggingTests.swift */,
			);
			path = Globals;
			sourceTree = "<group>";
		};
		8EBD475E2240636A00CD2639 = {
			isa = PBXGroup;
			children = (
				8EBD4833224082CD00CD2639 /* Metadata */,
				8EBD479A2240646700CD2639 /* Sources */,
				8EBD47DB2240715500CD2639 /* Tests */,
				8EBD47A822406C9900CD2639 /* Resources */,
				8EBD476B224063B400CD2639 /* Products */,
			);
			sourceTree = "<group>";
		};
		8EBD476B224063B400CD2639 /* Products */ = {
			isa = PBXGroup;
			children = (
				8EBD476A224063B400CD2639 /* UBFoundation.framework */,
				8EBD4778224063D300CD2639 /* UBFoundation.framework */,
				8EBD4785224063FD00CD2639 /* UBFoundation.framework */,
				8EBD47922240642300CD2639 /* UBFoundation.framework */,
				8EBD47B222406F8900CD2639 /* UBFoundation iOS Tests.xctest */,
				8EBD47C122406FB400CD2639 /* UBFoundation tvOS Tests.xctest */,
				8EBD47D022406FC200CD2639 /* UBFoundation macOS Tests.xctest */,
			);
			name = Products;
			sourceTree = "<group>";
		};
		8EBD479A2240646700CD2639 /* Sources */ = {
			isa = PBXGroup;
			children = (
				8EBD48162240773900CD2639 /* Globals */,
				8EBD47ED2240770000CD2639 /* Localization */,
				8EBD47DD2240765200CD2639 /* Logging */,
				8EBD47A522406C5300CD2639 /* Supporting Files */,
			);
			path = Sources;
			sourceTree = "<group>";
		};
		8EBD47A522406C5300CD2639 /* Supporting Files */ = {
			isa = PBXGroup;
			children = (
				8EBD476E224063B400CD2639 /* Info.plist */,
				8EBD476D224063B400CD2639 /* UBFoundation.h */,
			);
			name = "Supporting Files";
			sourceTree = "<group>";
		};
		8EBD47A822406C9900CD2639 /* Resources */ = {
			isa = PBXGroup;
			children = (
				8EBD47A922406CBF00CD2639 /* Assets.xcassets */,
			);
			path = Resources;
			sourceTree = "<group>";
		};
		8EBD47DB2240715500CD2639 /* Tests */ = {
			isa = PBXGroup;
			children = (
				8E27864C22411DE300430D34 /* Globals */,
				8EBD481E2240779300CD2639 /* Localization */,
				8EBD48412240F6C900CD2639 /* Logging */,
				8EBD47DC2240746800CD2639 /* Supporting Files */,
			);
			path = Tests;
			sourceTree = "<group>";
		};
		8EBD47DC2240746800CD2639 /* Supporting Files */ = {
			isa = PBXGroup;
			children = (
				8EBD47B622406F8900CD2639 /* Info.plist */,
			);
			name = "Supporting Files";
			sourceTree = "<group>";
		};
		8EBD47DD2240765200CD2639 /* Logging */ = {
			isa = PBXGroup;
			children = (
				8EBD47DF2240765200CD2639 /* Logger.swift */,
				8EBD48522241188B00CD2639 /* Logger+Error.swift */,
				8EBD47E02240765200CD2639 /* LoggerGroup.swift */,
			);
			path = Logging;
			sourceTree = "<group>";
		};
		8EBD47ED2240770000CD2639 /* Localization */ = {
			isa = PBXGroup;
			children = (
				8EBD47F02240770000CD2639 /* Language.swift */,
				8EBD47F12240770000CD2639 /* Localization.swift */,
				8EBD47F52240770000CD2639 /* Localization+Error.swift */,
				8EBD47F32240770000CD2639 /* Localization+Bundle.swift */,
				8EBD47F42240770000CD2639 /* Localization+Languages.swift */,
				8EBD47EE2240770000CD2639 /* Localization+Formatter.swift */,
				8EBD47EF2240770000CD2639 /* Localization+Notification.swift */,
				8EBD47F22240770000CD2639 /* Localization+String.swift */,
				8E2786602241269200430D34 /* Localization+Locale.swift */,
			);
			path = Localization;
			sourceTree = "<group>";
		};
		8EBD48162240773900CD2639 /* Globals */ = {
			isa = PBXGroup;
			children = (
				8E2786562241227A00430D34 /* GlobalLocalization.swift */,
				8EBD48172240773900CD2639 /* GlobalLogging.swift */,
				8E27865B2241230E00430D34 /* GlobalNotificationCenter.swift */,
			);
			path = Globals;
			sourceTree = "<group>";
		};
		8EBD481E2240779300CD2639 /* Localization */ = {
			isa = PBXGroup;
			children = (
				8EBD482722407A6F00CD2639 /* LanguageTests.swift */,
				8EBD483D2240937E00CD2639 /* LocalizationTestBundle */,
				8EBD483922408E1000CD2639 /* LocalizationTests.swift */,
			);
			path = Localization;
			sourceTree = "<group>";
		};
		8EBD4833224082CD00CD2639 /* Metadata */ = {
			isa = PBXGroup;
			children = (
				8E278669224174DC00430D34 /* Getting Started.md */,
				8EBD48462240FB3400CD2639 /* CodeReviewProcess.md */,
				8EBD4834224082E400CD2639 /* CHANGELOG.md */,
				8EBD4835224082E400CD2639 /* README.md */,
				8EBD48362240863F00CD2639 /* LICENSE.md */,
			);
			name = Metadata;
			sourceTree = "<group>";
		};
		8EBD48412240F6C900CD2639 /* Logging */ = {
			isa = PBXGroup;
			children = (
				8EBD484E22410F6300CD2639 /* LoggerGroupTests.swift */,
				8EBD484A2240FFE200CD2639 /* LoggerTests.swift */,
				8E27864822411CC600430D34 /* LoggingTestBundle */,
			);
			path = Logging;
			sourceTree = "<group>";
		};
/* End PBXGroup section */

/* Begin PBXHeadersBuildPhase section */
		8EBD4765224063B400CD2639 /* Headers */ = {
			isa = PBXHeadersBuildPhase;
			buildActionMask = 2147483647;
			files = (
				8EBD476F224063B400CD2639 /* UBFoundation.h in Headers */,
			);
			runOnlyForDeploymentPostprocessing = 0;
		};
		8EBD4773224063D300CD2639 /* Headers */ = {
			isa = PBXHeadersBuildPhase;
			buildActionMask = 2147483647;
			files = (
				8EBD479B2240669400CD2639 /* UBFoundation.h in Headers */,
			);
			runOnlyForDeploymentPostprocessing = 0;
		};
		8EBD4780224063FD00CD2639 /* Headers */ = {
			isa = PBXHeadersBuildPhase;
			buildActionMask = 2147483647;
			files = (
				8EBD479C2240669400CD2639 /* UBFoundation.h in Headers */,
			);
			runOnlyForDeploymentPostprocessing = 0;
		};
		8EBD478D2240642300CD2639 /* Headers */ = {
			isa = PBXHeadersBuildPhase;
			buildActionMask = 2147483647;
			files = (
				8EBD479D2240669500CD2639 /* UBFoundation.h in Headers */,
			);
			runOnlyForDeploymentPostprocessing = 0;
		};
/* End PBXHeadersBuildPhase section */

/* Begin PBXNativeTarget section */
		8EBD4769224063B400CD2639 /* UBFoundation iOS */ = {
			isa = PBXNativeTarget;
			buildConfigurationList = 8EBD4770224063B400CD2639 /* Build configuration list for PBXNativeTarget "UBFoundation iOS" */;
			buildPhases = (
				8EBD482B224081C800CD2639 /* Swift Format */,
				8EBD482F2240822500CD2639 /* Swift Lint */,
				8EBD4765224063B400CD2639 /* Headers */,
				8EBD4766224063B400CD2639 /* Sources */,
				8EBD4767224063B400CD2639 /* Frameworks */,
				8EBD4768224063B400CD2639 /* Resources */,
			);
			buildRules = (
			);
			dependencies = (
			);
			name = "UBFoundation iOS";
			productName = "UBFoundation iOS";
			productReference = 8EBD476A224063B400CD2639 /* UBFoundation.framework */;
			productType = "com.apple.product-type.framework";
		};
		8EBD4777224063D300CD2639 /* UBFoundation watchOS */ = {
			isa = PBXNativeTarget;
			buildConfigurationList = 8EBD477D224063D300CD2639 /* Build configuration list for PBXNativeTarget "UBFoundation watchOS" */;
			buildPhases = (
				8EBD482C224081E000CD2639 /* Swift Format */,
				8EBD48302240822D00CD2639 /* Swift Lint */,
				8EBD4773224063D300CD2639 /* Headers */,
				8EBD4774224063D300CD2639 /* Sources */,
				8EBD4775224063D300CD2639 /* Frameworks */,
				8EBD4776224063D300CD2639 /* Resources */,
			);
			buildRules = (
			);
			dependencies = (
			);
			name = "UBFoundation watchOS";
			productName = "UBFoundation watchOS";
			productReference = 8EBD4778224063D300CD2639 /* UBFoundation.framework */;
			productType = "com.apple.product-type.framework";
		};
		8EBD4784224063FD00CD2639 /* UBFoundation tvOS */ = {
			isa = PBXNativeTarget;
			buildConfigurationList = 8EBD478A224063FD00CD2639 /* Build configuration list for PBXNativeTarget "UBFoundation tvOS" */;
			buildPhases = (
				8EBD482D224081F700CD2639 /* Swift Format */,
				8EBD48312240823400CD2639 /* Swift Lint */,
				8EBD4780224063FD00CD2639 /* Headers */,
				8EBD4781224063FD00CD2639 /* Sources */,
				8EBD4782224063FD00CD2639 /* Frameworks */,
				8EBD4783224063FD00CD2639 /* Resources */,
			);
			buildRules = (
			);
			dependencies = (
			);
			name = "UBFoundation tvOS";
			productName = "UBFoundation tvOS";
			productReference = 8EBD4785224063FD00CD2639 /* UBFoundation.framework */;
			productType = "com.apple.product-type.framework";
		};
		8EBD47912240642300CD2639 /* UBFoundation macOS */ = {
			isa = PBXNativeTarget;
			buildConfigurationList = 8EBD47972240642300CD2639 /* Build configuration list for PBXNativeTarget "UBFoundation macOS" */;
			buildPhases = (
				8EBD482E2240820000CD2639 /* Swift Format */,
				8EBD48322240823E00CD2639 /* Swift Lint */,
				8EBD478D2240642300CD2639 /* Headers */,
				8EBD478E2240642300CD2639 /* Sources */,
				8EBD478F2240642300CD2639 /* Frameworks */,
				8EBD47902240642300CD2639 /* Resources */,
			);
			buildRules = (
			);
			dependencies = (
			);
			name = "UBFoundation macOS";
			productName = "UBFoundation macOS";
			productReference = 8EBD47922240642300CD2639 /* UBFoundation.framework */;
			productType = "com.apple.product-type.framework";
		};
		8EBD47B122406F8900CD2639 /* UBFoundation iOS Tests */ = {
			isa = PBXNativeTarget;
			buildConfigurationList = 8EBD47BA22406F8900CD2639 /* Build configuration list for PBXNativeTarget "UBFoundation iOS Tests" */;
			buildPhases = (
				8EBD47AE22406F8900CD2639 /* Sources */,
				8EBD47AF22406F8900CD2639 /* Frameworks */,
				8EBD47B022406F8900CD2639 /* Resources */,
			);
			buildRules = (
			);
			dependencies = (
				8EBD47B922406F8900CD2639 /* PBXTargetDependency */,
			);
			name = "UBFoundation iOS Tests";
			productName = "UBFoundation iOS Tests";
			productReference = 8EBD47B222406F8900CD2639 /* UBFoundation iOS Tests.xctest */;
			productType = "com.apple.product-type.bundle.unit-test";
		};
		8EBD47C022406FB400CD2639 /* UBFoundation tvOS Tests */ = {
			isa = PBXNativeTarget;
			buildConfigurationList = 8EBD47C922406FB400CD2639 /* Build configuration list for PBXNativeTarget "UBFoundation tvOS Tests" */;
			buildPhases = (
				8EBD47BD22406FB400CD2639 /* Sources */,
				8EBD47BE22406FB400CD2639 /* Frameworks */,
				8EBD47BF22406FB400CD2639 /* Resources */,
			);
			buildRules = (
			);
			dependencies = (
				8EBD47C822406FB400CD2639 /* PBXTargetDependency */,
			);
			name = "UBFoundation tvOS Tests";
			productName = "UBFoundation tvOS Tests";
			productReference = 8EBD47C122406FB400CD2639 /* UBFoundation tvOS Tests.xctest */;
			productType = "com.apple.product-type.bundle.unit-test";
		};
		8EBD47CF22406FC200CD2639 /* UBFoundation macOS Tests */ = {
			isa = PBXNativeTarget;
			buildConfigurationList = 8EBD47D822406FC200CD2639 /* Build configuration list for PBXNativeTarget "UBFoundation macOS Tests" */;
			buildPhases = (
				8EBD47CC22406FC200CD2639 /* Sources */,
				8EBD47CD22406FC200CD2639 /* Frameworks */,
				8EBD47CE22406FC200CD2639 /* Resources */,
			);
			buildRules = (
			);
			dependencies = (
				8EBD47D722406FC200CD2639 /* PBXTargetDependency */,
			);
			name = "UBFoundation macOS Tests";
			productName = "UBFoundation macOS Tests";
			productReference = 8EBD47D022406FC200CD2639 /* UBFoundation macOS Tests.xctest */;
			productType = "com.apple.product-type.bundle.unit-test";
		};
/* End PBXNativeTarget section */

/* Begin PBXProject section */
		8EBD475F2240636A00CD2639 /* Project object */ = {
			isa = PBXProject;
			attributes = {
				LastSwiftUpdateCheck = 1010;
				LastUpgradeCheck = 1010;
				TargetAttributes = {
					8EBD4769224063B400CD2639 = {
						CreatedOnToolsVersion = 10.1;
					};
					8EBD4777224063D300CD2639 = {
						CreatedOnToolsVersion = 10.1;
					};
					8EBD4784224063FD00CD2639 = {
						CreatedOnToolsVersion = 10.1;
					};
					8EBD47912240642300CD2639 = {
						CreatedOnToolsVersion = 10.1;
					};
					8EBD47B122406F8900CD2639 = {
						CreatedOnToolsVersion = 10.1;
						LastSwiftMigration = 1010;
					};
					8EBD47C022406FB400CD2639 = {
						CreatedOnToolsVersion = 10.1;
						LastSwiftMigration = 1010;
					};
					8EBD47CF22406FC200CD2639 = {
						CreatedOnToolsVersion = 10.1;
						LastSwiftMigration = 1010;
					};
				};
			};
			buildConfigurationList = 8EBD47622240636A00CD2639 /* Build configuration list for PBXProject "UBFoundation" */;
			compatibilityVersion = "Xcode 9.3";
			developmentRegion = en;
			hasScannedForEncodings = 0;
			knownRegions = (
				en,
			);
			mainGroup = 8EBD475E2240636A00CD2639;
			productRefGroup = 8EBD476B224063B400CD2639 /* Products */;
			projectDirPath = "";
			projectRoot = "";
			targets = (
				8EBD4769224063B400CD2639 /* UBFoundation iOS */,
				8EBD4777224063D300CD2639 /* UBFoundation watchOS */,
				8EBD4784224063FD00CD2639 /* UBFoundation tvOS */,
				8EBD47912240642300CD2639 /* UBFoundation macOS */,
				8EBD47B122406F8900CD2639 /* UBFoundation iOS Tests */,
				8EBD47C022406FB400CD2639 /* UBFoundation tvOS Tests */,
				8EBD47CF22406FC200CD2639 /* UBFoundation macOS Tests */,
			);
		};
/* End PBXProject section */

/* Begin PBXResourcesBuildPhase section */
		8EBD4768224063B400CD2639 /* Resources */ = {
			isa = PBXResourcesBuildPhase;
			buildActionMask = 2147483647;
			files = (
				8E27866A224174DC00430D34 /* Getting Started.md in Resources */,
				8EBD47AA22406CBF00CD2639 /* Assets.xcassets in Resources */,
			);
			runOnlyForDeploymentPostprocessing = 0;
		};
		8EBD4776224063D300CD2639 /* Resources */ = {
			isa = PBXResourcesBuildPhase;
			buildActionMask = 2147483647;
			files = (
				8E27866B224174DC00430D34 /* Getting Started.md in Resources */,
				8EBD47AB22406CBF00CD2639 /* Assets.xcassets in Resources */,
			);
			runOnlyForDeploymentPostprocessing = 0;
		};
		8EBD4783224063FD00CD2639 /* Resources */ = {
			isa = PBXResourcesBuildPhase;
			buildActionMask = 2147483647;
			files = (
				8E27866C224174DC00430D34 /* Getting Started.md in Resources */,
				8EBD47AC22406CBF00CD2639 /* Assets.xcassets in Resources */,
			);
			runOnlyForDeploymentPostprocessing = 0;
		};
		8EBD47902240642300CD2639 /* Resources */ = {
			isa = PBXResourcesBuildPhase;
			buildActionMask = 2147483647;
			files = (
				8E27866D224174DC00430D34 /* Getting Started.md in Resources */,
				8EBD47AD22406CBF00CD2639 /* Assets.xcassets in Resources */,
			);
			runOnlyForDeploymentPostprocessing = 0;
		};
		8EBD47B022406F8900CD2639 /* Resources */ = {
			isa = PBXResourcesBuildPhase;
			buildActionMask = 2147483647;
			files = (
				8EBD48472240FB3400CD2639 /* CodeReviewProcess.md in Resources */,
				8EBD483E2240937E00CD2639 /* LocalizationTestBundle in Resources */,
				8E27864922411CC600430D34 /* LoggingTestBundle in Resources */,
			);
			runOnlyForDeploymentPostprocessing = 0;
		};
		8EBD47BF22406FB400CD2639 /* Resources */ = {
			isa = PBXResourcesBuildPhase;
			buildActionMask = 2147483647;
			files = (
				8EBD48482240FB3400CD2639 /* CodeReviewProcess.md in Resources */,
				8EBD483F2240937E00CD2639 /* LocalizationTestBundle in Resources */,
				8E27864A22411CC600430D34 /* LoggingTestBundle in Resources */,
			);
			runOnlyForDeploymentPostprocessing = 0;
		};
		8EBD47CE22406FC200CD2639 /* Resources */ = {
			isa = PBXResourcesBuildPhase;
			buildActionMask = 2147483647;
			files = (
				8EBD48492240FB3400CD2639 /* CodeReviewProcess.md in Resources */,
				8EBD48402240937E00CD2639 /* LocalizationTestBundle in Resources */,
				8E27864B22411CC600430D34 /* LoggingTestBundle in Resources */,
			);
			runOnlyForDeploymentPostprocessing = 0;
		};
/* End PBXResourcesBuildPhase section */

/* Begin PBXShellScriptBuildPhase section */
		8EBD482B224081C800CD2639 /* Swift Format */ = {
			isa = PBXShellScriptBuildPhase;
			buildActionMask = 2147483647;
			files = (
			);
			inputFileListPaths = (
			);
			inputPaths = (
			);
			name = "Swift Format";
			outputFileListPaths = (
			);
			outputPaths = (
			);
			runOnlyForDeploymentPostprocessing = 0;
			shellPath = /bin/sh;
			shellScript = "if which swiftformat >/dev/null; then\n    swiftformat ${SRCROOT}\nelse\n    echo \"warning: SwiftFormat not installed, download from https://github.com/nicklockwood/SwiftFormat\"\nfi\n";
		};
		8EBD482C224081E000CD2639 /* Swift Format */ = {
			isa = PBXShellScriptBuildPhase;
			buildActionMask = 2147483647;
			files = (
			);
			inputFileListPaths = (
			);
			inputPaths = (
			);
			name = "Swift Format";
			outputFileListPaths = (
			);
			outputPaths = (
			);
			runOnlyForDeploymentPostprocessing = 0;
			shellPath = /bin/sh;
			shellScript = "if which swiftformat >/dev/null; then\n    swiftformat ${SRCROOT}\nelse\n    echo \"warning: SwiftFormat not installed, download from https://github.com/nicklockwood/SwiftFormat\"\nfi\n";
		};
		8EBD482D224081F700CD2639 /* Swift Format */ = {
			isa = PBXShellScriptBuildPhase;
			buildActionMask = 2147483647;
			files = (
			);
			inputFileListPaths = (
			);
			inputPaths = (
			);
			name = "Swift Format";
			outputFileListPaths = (
			);
			outputPaths = (
			);
			runOnlyForDeploymentPostprocessing = 0;
			shellPath = /bin/sh;
			shellScript = "if which swiftformat >/dev/null; then\n    swiftformat ${SRCROOT}\nelse\n    echo \"warning: SwiftFormat not installed, download from https://github.com/nicklockwood/SwiftFormat\"\nfi\n";
		};
		8EBD482E2240820000CD2639 /* Swift Format */ = {
			isa = PBXShellScriptBuildPhase;
			buildActionMask = 2147483647;
			files = (
			);
			inputFileListPaths = (
			);
			inputPaths = (
			);
			name = "Swift Format";
			outputFileListPaths = (
			);
			outputPaths = (
			);
			runOnlyForDeploymentPostprocessing = 0;
			shellPath = /bin/sh;
			shellScript = "if which swiftformat >/dev/null; then\n    swiftformat ${SRCROOT}\nelse\n    echo \"warning: SwiftFormat not installed, download from https://github.com/nicklockwood/SwiftFormat\"\nfi\n";
		};
		8EBD482F2240822500CD2639 /* Swift Lint */ = {
			isa = PBXShellScriptBuildPhase;
			buildActionMask = 2147483647;
			files = (
			);
			inputFileListPaths = (
			);
			inputPaths = (
			);
			name = "Swift Lint";
			outputFileListPaths = (
			);
			outputPaths = (
			);
			runOnlyForDeploymentPostprocessing = 0;
			shellPath = /bin/sh;
			shellScript = "if which swiftlint >/dev/null; then\n    swiftlint autocorrect\nelse\n    echo \"warning: SwiftLint not installed, download from https://github.com/realm/SwiftLint\"\nfi\n";
		};
		8EBD48302240822D00CD2639 /* Swift Lint */ = {
			isa = PBXShellScriptBuildPhase;
			buildActionMask = 2147483647;
			files = (
			);
			inputFileListPaths = (
			);
			inputPaths = (
			);
			name = "Swift Lint";
			outputFileListPaths = (
			);
			outputPaths = (
			);
			runOnlyForDeploymentPostprocessing = 0;
			shellPath = /bin/sh;
			shellScript = "if which swiftlint >/dev/null; then\n    swiftlint autocorrect\nelse\n    echo \"warning: SwiftLint not installed, download from https://github.com/realm/SwiftLint\"\nfi\n";
		};
		8EBD48312240823400CD2639 /* Swift Lint */ = {
			isa = PBXShellScriptBuildPhase;
			buildActionMask = 2147483647;
			files = (
			);
			inputFileListPaths = (
			);
			inputPaths = (
			);
			name = "Swift Lint";
			outputFileListPaths = (
			);
			outputPaths = (
			);
			runOnlyForDeploymentPostprocessing = 0;
			shellPath = /bin/sh;
			shellScript = "if which swiftlint >/dev/null; then\n    swiftlint autocorrect\nelse\n    echo \"warning: SwiftLint not installed, download from https://github.com/realm/SwiftLint\"\nfi\n";
		};
		8EBD48322240823E00CD2639 /* Swift Lint */ = {
			isa = PBXShellScriptBuildPhase;
			buildActionMask = 2147483647;
			files = (
			);
			inputFileListPaths = (
			);
			inputPaths = (
			);
			name = "Swift Lint";
			outputFileListPaths = (
			);
			outputPaths = (
			);
			runOnlyForDeploymentPostprocessing = 0;
			shellPath = /bin/sh;
			shellScript = "if which swiftlint >/dev/null; then\n    swiftlint autocorrect\nelse\n    echo \"warning: SwiftLint not installed, download from https://github.com/realm/SwiftLint\"\nfi\n";
		};
/* End PBXShellScriptBuildPhase section */

/* Begin PBXSourcesBuildPhase section */
		8EBD4766224063B400CD2639 /* Sources */ = {
			isa = PBXSourcesBuildPhase;
			buildActionMask = 2147483647;
			files = (
				8EBD47FA2240770000CD2639 /* Localization+Notification.swift in Sources */,
				8EBD47E92240765200CD2639 /* LoggerGroup.swift in Sources */,
				8EBD48182240773900CD2639 /* GlobalLogging.swift in Sources */,
				8EBD4859224119AF00CD2639 /* Logger+Error.swift in Sources */,
				8EBD48022240770000CD2639 /* Localization.swift in Sources */,
				8EBD48122240770000CD2639 /* Localization+Error.swift in Sources */,
				8EBD480E2240770000CD2639 /* Localization+Languages.swift in Sources */,
				8E2786612241269200430D34 /* Localization+Locale.swift in Sources */,
				8EBD47FE2240770000CD2639 /* Language.swift in Sources */,
				8EBD47E52240765200CD2639 /* Logger.swift in Sources */,
				8EBD480A2240770000CD2639 /* Localization+Bundle.swift in Sources */,
				8EBD47F62240770000CD2639 /* Localization+Formatter.swift in Sources */,
				8EBD48062240770000CD2639 /* Localization+String.swift in Sources */,
				8E27865C2241230E00430D34 /* GlobalNotificationCenter.swift in Sources */,
				8E2786572241227A00430D34 /* GlobalLocalization.swift in Sources */,
			);
			runOnlyForDeploymentPostprocessing = 0;
		};
		8EBD4774224063D300CD2639 /* Sources */ = {
			isa = PBXSourcesBuildPhase;
			buildActionMask = 2147483647;
			files = (
				8EBD47FB2240770000CD2639 /* Localization+Notification.swift in Sources */,
				8EBD47EA2240765200CD2639 /* LoggerGroup.swift in Sources */,
				8EBD48192240773900CD2639 /* GlobalLogging.swift in Sources */,
				8EBD4858224119AE00CD2639 /* Logger+Error.swift in Sources */,
				8EBD48032240770000CD2639 /* Localization.swift in Sources */,
				8EBD48132240770000CD2639 /* Localization+Error.swift in Sources */,
				8EBD480F2240770000CD2639 /* Localization+Languages.swift in Sources */,
				8E2786622241269200430D34 /* Localization+Locale.swift in Sources */,
				8EBD47FF2240770000CD2639 /* Language.swift in Sources */,
				8EBD47E62240765200CD2639 /* Logger.swift in Sources */,
				8EBD480B2240770000CD2639 /* Localization+Bundle.swift in Sources */,
				8EBD47F72240770000CD2639 /* Localization+Formatter.swift in Sources */,
				8EBD48072240770000CD2639 /* Localization+String.swift in Sources */,
				8E27865D2241230E00430D34 /* GlobalNotificationCenter.swift in Sources */,
				8E2786582241227A00430D34 /* GlobalLocalization.swift in Sources */,
			);
			runOnlyForDeploymentPostprocessing = 0;
		};
		8EBD4781224063FD00CD2639 /* Sources */ = {
			isa = PBXSourcesBuildPhase;
			buildActionMask = 2147483647;
			files = (
				8EBD47FC2240770000CD2639 /* Localization+Notification.swift in Sources */,
				8EBD47EB2240765200CD2639 /* LoggerGroup.swift in Sources */,
				8EBD481A2240773900CD2639 /* GlobalLogging.swift in Sources */,
				8EBD4857224119AD00CD2639 /* Logger+Error.swift in Sources */,
				8EBD48042240770000CD2639 /* Localization.swift in Sources */,
				8EBD48142240770000CD2639 /* Localization+Error.swift in Sources */,
				8EBD48102240770000CD2639 /* Localization+Languages.swift in Sources */,
				8E2786632241269200430D34 /* Localization+Locale.swift in Sources */,
				8EBD48002240770000CD2639 /* Language.swift in Sources */,
				8EBD47E72240765200CD2639 /* Logger.swift in Sources */,
				8EBD480C2240770000CD2639 /* Localization+Bundle.swift in Sources */,
				8EBD47F82240770000CD2639 /* Localization+Formatter.swift in Sources */,
				8EBD48082240770000CD2639 /* Localization+String.swift in Sources */,
				8E27865E2241230E00430D34 /* GlobalNotificationCenter.swift in Sources */,
				8E2786592241227A00430D34 /* GlobalLocalization.swift in Sources */,
			);
			runOnlyForDeploymentPostprocessing = 0;
		};
		8EBD478E2240642300CD2639 /* Sources */ = {
			isa = PBXSourcesBuildPhase;
			buildActionMask = 2147483647;
			files = (
				8EBD47FD2240770000CD2639 /* Localization+Notification.swift in Sources */,
				8EBD47EC2240765200CD2639 /* LoggerGroup.swift in Sources */,
				8EBD481B2240773900CD2639 /* GlobalLogging.swift in Sources */,
				8EBD4856224119AD00CD2639 /* Logger+Error.swift in Sources */,
				8EBD48052240770000CD2639 /* Localization.swift in Sources */,
				8EBD48152240770000CD2639 /* Localization+Error.swift in Sources */,
				8EBD48112240770000CD2639 /* Localization+Languages.swift in Sources */,
				8E2786642241269200430D34 /* Localization+Locale.swift in Sources */,
				8EBD48012240770000CD2639 /* Language.swift in Sources */,
				8EBD47E82240765200CD2639 /* Logger.swift in Sources */,
				8EBD480D2240770000CD2639 /* Localization+Bundle.swift in Sources */,
				8EBD47F92240770000CD2639 /* Localization+Formatter.swift in Sources */,
				8EBD48092240770000CD2639 /* Localization+String.swift in Sources */,
				8E27865F2241230E00430D34 /* GlobalNotificationCenter.swift in Sources */,
				8E27865A2241227A00430D34 /* GlobalLocalization.swift in Sources */,
			);
			runOnlyForDeploymentPostprocessing = 0;
		};
		8EBD47AE22406F8900CD2639 /* Sources */ = {
			isa = PBXSourcesBuildPhase;
			buildActionMask = 2147483647;
			files = (
				8EBD483A22408E1000CD2639 /* LocalizationTests.swift in Sources */,
				8EBD484F22410F6300CD2639 /* LoggerGroupTests.swift in Sources */,
				8EBD484B2240FFE200CD2639 /* LoggerTests.swift in Sources */,
				8E278666224144C900430D34 /* GlobalLocalizationTests.swift in Sources */,
				8E27865322411E5600430D34 /* GlobalLoggingTests.swift in Sources */,
				8EBD482822407A6F00CD2639 /* LanguageTests.swift in Sources */,
			);
			runOnlyForDeploymentPostprocessing = 0;
		};
		8EBD47BD22406FB400CD2639 /* Sources */ = {
			isa = PBXSourcesBuildPhase;
			buildActionMask = 2147483647;
			files = (
				8EBD483B22408E1000CD2639 /* LocalizationTests.swift in Sources */,
				8EBD485022410F6300CD2639 /* LoggerGroupTests.swift in Sources */,
				8EBD484C2240FFE200CD2639 /* LoggerTests.swift in Sources */,
				8E278667224144C900430D34 /* GlobalLocalizationTests.swift in Sources */,
				8E27865422411E5600430D34 /* GlobalLoggingTests.swift in Sources */,
				8EBD482922407A6F00CD2639 /* LanguageTests.swift in Sources */,
			);
			runOnlyForDeploymentPostprocessing = 0;
		};
		8EBD47CC22406FC200CD2639 /* Sources */ = {
			isa = PBXSourcesBuildPhase;
			buildActionMask = 2147483647;
			files = (
				8EBD483C22408E1000CD2639 /* LocalizationTests.swift in Sources */,
				8EBD485122410F6300CD2639 /* LoggerGroupTests.swift in Sources */,
				8EBD484D2240FFE200CD2639 /* LoggerTests.swift in Sources */,
				8E278668224144C900430D34 /* GlobalLocalizationTests.swift in Sources */,
				8E27865522411E5600430D34 /* GlobalLoggingTests.swift in Sources */,
				8EBD482A22407A6F00CD2639 /* LanguageTests.swift in Sources */,
			);
			runOnlyForDeploymentPostprocessing = 0;
		};
/* End PBXSourcesBuildPhase section */

/* Begin PBXTargetDependency section */
		8EBD47B922406F8900CD2639 /* PBXTargetDependency */ = {
			isa = PBXTargetDependency;
			target = 8EBD4769224063B400CD2639 /* UBFoundation iOS */;
			targetProxy = 8EBD47B822406F8900CD2639 /* PBXContainerItemProxy */;
		};
		8EBD47C822406FB400CD2639 /* PBXTargetDependency */ = {
			isa = PBXTargetDependency;
			target = 8EBD4784224063FD00CD2639 /* UBFoundation tvOS */;
			targetProxy = 8EBD47C722406FB400CD2639 /* PBXContainerItemProxy */;
		};
		8EBD47D722406FC200CD2639 /* PBXTargetDependency */ = {
			isa = PBXTargetDependency;
			target = 8EBD47912240642300CD2639 /* UBFoundation macOS */;
			targetProxy = 8EBD47D622406FC200CD2639 /* PBXContainerItemProxy */;
		};
/* End PBXTargetDependency section */

/* Begin XCBuildConfiguration section */
		8EBD47632240636A00CD2639 /* Debug */ = {
			isa = XCBuildConfiguration;
			buildSettings = {
				APPLICATION_EXTENSION_API_ONLY = YES;
				IPHONEOS_DEPLOYMENT_TARGET = 11.0;
				MACOSX_DEPLOYMENT_TARGET = 10.12;
				PRODUCT_NAME = "$(PROJECT_NAME)";
				TVOS_DEPLOYMENT_TARGET = 12.0;
				WATCHOS_DEPLOYMENT_TARGET = 5.0;
			};
			name = Debug;
		};
		8EBD47642240636A00CD2639 /* Release */ = {
			isa = XCBuildConfiguration;
			buildSettings = {
				APPLICATION_EXTENSION_API_ONLY = YES;
				IPHONEOS_DEPLOYMENT_TARGET = 11.0;
				MACOSX_DEPLOYMENT_TARGET = 10.12;
				PRODUCT_NAME = "$(PROJECT_NAME)";
				TVOS_DEPLOYMENT_TARGET = 12.0;
				WATCHOS_DEPLOYMENT_TARGET = 5.0;
			};
			name = Release;
		};
		8EBD4771224063B400CD2639 /* Debug */ = {
			isa = XCBuildConfiguration;
			buildSettings = {
				ALWAYS_SEARCH_USER_PATHS = NO;
				CLANG_ANALYZER_NONNULL = YES;
				CLANG_ANALYZER_NUMBER_OBJECT_CONVERSION = YES_AGGRESSIVE;
				CLANG_CXX_LANGUAGE_STANDARD = "gnu++14";
				CLANG_CXX_LIBRARY = "libc++";
				CLANG_ENABLE_MODULES = YES;
				CLANG_ENABLE_OBJC_ARC = YES;
				CLANG_ENABLE_OBJC_WEAK = YES;
				CLANG_WARN_BLOCK_CAPTURE_AUTORELEASING = YES;
				CLANG_WARN_BOOL_CONVERSION = YES;
				CLANG_WARN_COMMA = YES;
				CLANG_WARN_CONSTANT_CONVERSION = YES;
				CLANG_WARN_DEPRECATED_OBJC_IMPLEMENTATIONS = YES;
				CLANG_WARN_DIRECT_OBJC_ISA_USAGE = YES_ERROR;
				CLANG_WARN_DOCUMENTATION_COMMENTS = YES;
				CLANG_WARN_EMPTY_BODY = YES;
				CLANG_WARN_ENUM_CONVERSION = YES;
				CLANG_WARN_INFINITE_RECURSION = YES;
				CLANG_WARN_INT_CONVERSION = YES;
				CLANG_WARN_NON_LITERAL_NULL_CONVERSION = YES;
				CLANG_WARN_OBJC_IMPLICIT_RETAIN_SELF = YES;
				CLANG_WARN_OBJC_LITERAL_CONVERSION = YES;
				CLANG_WARN_OBJC_ROOT_CLASS = YES_ERROR;
				CLANG_WARN_RANGE_LOOP_ANALYSIS = YES;
				CLANG_WARN_STRICT_PROTOTYPES = YES;
				CLANG_WARN_SUSPICIOUS_MOVE = YES;
				CLANG_WARN_UNGUARDED_AVAILABILITY = YES_AGGRESSIVE;
				CLANG_WARN_UNREACHABLE_CODE = YES;
				CLANG_WARN__DUPLICATE_METHOD_MATCH = YES;
				CODE_SIGN_IDENTITY = "iPhone Developer";
				CODE_SIGN_STYLE = Automatic;
				COPY_PHASE_STRIP = NO;
				CURRENT_PROJECT_VERSION = 1;
				DEBUG_INFORMATION_FORMAT = dwarf;
				DEFINES_MODULE = YES;
				DEVELOPMENT_TEAM = JH7CQD4MLU;
				DYLIB_COMPATIBILITY_VERSION = 1;
				DYLIB_CURRENT_VERSION = 1;
				DYLIB_INSTALL_NAME_BASE = "@rpath";
				ENABLE_STRICT_OBJC_MSGSEND = YES;
				ENABLE_TESTABILITY = YES;
				GCC_C_LANGUAGE_STANDARD = gnu11;
				GCC_DYNAMIC_NO_PIC = NO;
				GCC_NO_COMMON_BLOCKS = YES;
				GCC_OPTIMIZATION_LEVEL = 0;
				GCC_PREPROCESSOR_DEFINITIONS = (
					"DEBUG=1",
					"$(inherited)",
				);
				GCC_WARN_64_TO_32_BIT_CONVERSION = YES;
				GCC_WARN_ABOUT_RETURN_TYPE = YES_ERROR;
				GCC_WARN_UNDECLARED_SELECTOR = YES;
				GCC_WARN_UNINITIALIZED_AUTOS = YES_AGGRESSIVE;
				GCC_WARN_UNUSED_FUNCTION = YES;
				GCC_WARN_UNUSED_VARIABLE = YES;
				INFOPLIST_FILE = Sources/Info.plist;
				INSTALL_PATH = "$(LOCAL_LIBRARY_DIR)/Frameworks";
				LD_RUNPATH_SEARCH_PATHS = (
					"$(inherited)",
					"@executable_path/Frameworks",
					"@loader_path/Frameworks",
				);
				MTL_ENABLE_DEBUG_INFO = INCLUDE_SOURCE;
				MTL_FAST_MATH = YES;
				ONLY_ACTIVE_ARCH = YES;
				PRODUCT_BUNDLE_IDENTIFIER = "com.ubique.$(PROJECT_NAME)";
				SDKROOT = iphoneos;
				SKIP_INSTALL = YES;
				SWIFT_ACTIVE_COMPILATION_CONDITIONS = DEBUG;
				SWIFT_OPTIMIZATION_LEVEL = "-Onone";
				SWIFT_VERSION = 4.2;
				TARGETED_DEVICE_FAMILY = "1,2";
				VERSIONING_SYSTEM = "apple-generic";
				VERSION_INFO_PREFIX = "";
			};
			name = Debug;
		};
		8EBD4772224063B400CD2639 /* Release */ = {
			isa = XCBuildConfiguration;
			buildSettings = {
				ALWAYS_SEARCH_USER_PATHS = NO;
				CLANG_ANALYZER_NONNULL = YES;
				CLANG_ANALYZER_NUMBER_OBJECT_CONVERSION = YES_AGGRESSIVE;
				CLANG_CXX_LANGUAGE_STANDARD = "gnu++14";
				CLANG_CXX_LIBRARY = "libc++";
				CLANG_ENABLE_MODULES = YES;
				CLANG_ENABLE_OBJC_ARC = YES;
				CLANG_ENABLE_OBJC_WEAK = YES;
				CLANG_WARN_BLOCK_CAPTURE_AUTORELEASING = YES;
				CLANG_WARN_BOOL_CONVERSION = YES;
				CLANG_WARN_COMMA = YES;
				CLANG_WARN_CONSTANT_CONVERSION = YES;
				CLANG_WARN_DEPRECATED_OBJC_IMPLEMENTATIONS = YES;
				CLANG_WARN_DIRECT_OBJC_ISA_USAGE = YES_ERROR;
				CLANG_WARN_DOCUMENTATION_COMMENTS = YES;
				CLANG_WARN_EMPTY_BODY = YES;
				CLANG_WARN_ENUM_CONVERSION = YES;
				CLANG_WARN_INFINITE_RECURSION = YES;
				CLANG_WARN_INT_CONVERSION = YES;
				CLANG_WARN_NON_LITERAL_NULL_CONVERSION = YES;
				CLANG_WARN_OBJC_IMPLICIT_RETAIN_SELF = YES;
				CLANG_WARN_OBJC_LITERAL_CONVERSION = YES;
				CLANG_WARN_OBJC_ROOT_CLASS = YES_ERROR;
				CLANG_WARN_RANGE_LOOP_ANALYSIS = YES;
				CLANG_WARN_STRICT_PROTOTYPES = YES;
				CLANG_WARN_SUSPICIOUS_MOVE = YES;
				CLANG_WARN_UNGUARDED_AVAILABILITY = YES_AGGRESSIVE;
				CLANG_WARN_UNREACHABLE_CODE = YES;
				CLANG_WARN__DUPLICATE_METHOD_MATCH = YES;
				CODE_SIGN_IDENTITY = "iPhone Developer";
				CODE_SIGN_STYLE = Automatic;
				COPY_PHASE_STRIP = NO;
				CURRENT_PROJECT_VERSION = 1;
				DEBUG_INFORMATION_FORMAT = "dwarf-with-dsym";
				DEFINES_MODULE = YES;
				DEVELOPMENT_TEAM = JH7CQD4MLU;
				DYLIB_COMPATIBILITY_VERSION = 1;
				DYLIB_CURRENT_VERSION = 1;
				DYLIB_INSTALL_NAME_BASE = "@rpath";
				ENABLE_NS_ASSERTIONS = NO;
				ENABLE_STRICT_OBJC_MSGSEND = YES;
				GCC_C_LANGUAGE_STANDARD = gnu11;
				GCC_NO_COMMON_BLOCKS = YES;
				GCC_WARN_64_TO_32_BIT_CONVERSION = YES;
				GCC_WARN_ABOUT_RETURN_TYPE = YES_ERROR;
				GCC_WARN_UNDECLARED_SELECTOR = YES;
				GCC_WARN_UNINITIALIZED_AUTOS = YES_AGGRESSIVE;
				GCC_WARN_UNUSED_FUNCTION = YES;
				GCC_WARN_UNUSED_VARIABLE = YES;
				INFOPLIST_FILE = Sources/Info.plist;
				INSTALL_PATH = "$(LOCAL_LIBRARY_DIR)/Frameworks";
				LD_RUNPATH_SEARCH_PATHS = (
					"$(inherited)",
					"@executable_path/Frameworks",
					"@loader_path/Frameworks",
				);
				MTL_ENABLE_DEBUG_INFO = NO;
				MTL_FAST_MATH = YES;
				PRODUCT_BUNDLE_IDENTIFIER = "com.ubique.$(PROJECT_NAME)";
				SDKROOT = iphoneos;
				SKIP_INSTALL = YES;
				SWIFT_COMPILATION_MODE = wholemodule;
				SWIFT_OPTIMIZATION_LEVEL = "-O";
				SWIFT_VERSION = 4.2;
				TARGETED_DEVICE_FAMILY = "1,2";
				VALIDATE_PRODUCT = YES;
				VERSIONING_SYSTEM = "apple-generic";
				VERSION_INFO_PREFIX = "";
			};
			name = Release;
		};
		8EBD477E224063D300CD2639 /* Debug */ = {
			isa = XCBuildConfiguration;
			buildSettings = {
				ALWAYS_SEARCH_USER_PATHS = NO;
				APPLICATION_EXTENSION_API_ONLY = YES;
				CLANG_ANALYZER_NONNULL = YES;
				CLANG_ANALYZER_NUMBER_OBJECT_CONVERSION = YES_AGGRESSIVE;
				CLANG_CXX_LANGUAGE_STANDARD = "gnu++14";
				CLANG_CXX_LIBRARY = "libc++";
				CLANG_ENABLE_MODULES = YES;
				CLANG_ENABLE_OBJC_ARC = YES;
				CLANG_ENABLE_OBJC_WEAK = YES;
				CLANG_WARN_BLOCK_CAPTURE_AUTORELEASING = YES;
				CLANG_WARN_BOOL_CONVERSION = YES;
				CLANG_WARN_COMMA = YES;
				CLANG_WARN_CONSTANT_CONVERSION = YES;
				CLANG_WARN_DEPRECATED_OBJC_IMPLEMENTATIONS = YES;
				CLANG_WARN_DIRECT_OBJC_ISA_USAGE = YES_ERROR;
				CLANG_WARN_DOCUMENTATION_COMMENTS = YES;
				CLANG_WARN_EMPTY_BODY = YES;
				CLANG_WARN_ENUM_CONVERSION = YES;
				CLANG_WARN_INFINITE_RECURSION = YES;
				CLANG_WARN_INT_CONVERSION = YES;
				CLANG_WARN_NON_LITERAL_NULL_CONVERSION = YES;
				CLANG_WARN_OBJC_IMPLICIT_RETAIN_SELF = YES;
				CLANG_WARN_OBJC_LITERAL_CONVERSION = YES;
				CLANG_WARN_OBJC_ROOT_CLASS = YES_ERROR;
				CLANG_WARN_RANGE_LOOP_ANALYSIS = YES;
				CLANG_WARN_STRICT_PROTOTYPES = YES;
				CLANG_WARN_SUSPICIOUS_MOVE = YES;
				CLANG_WARN_UNGUARDED_AVAILABILITY = YES_AGGRESSIVE;
				CLANG_WARN_UNREACHABLE_CODE = YES;
				CLANG_WARN__DUPLICATE_METHOD_MATCH = YES;
				CODE_SIGN_IDENTITY = "";
				CODE_SIGN_STYLE = Automatic;
				COPY_PHASE_STRIP = NO;
				CURRENT_PROJECT_VERSION = 1;
				DEBUG_INFORMATION_FORMAT = dwarf;
				DEFINES_MODULE = YES;
				DEVELOPMENT_TEAM = JH7CQD4MLU;
				DYLIB_COMPATIBILITY_VERSION = 1;
				DYLIB_CURRENT_VERSION = 1;
				DYLIB_INSTALL_NAME_BASE = "@rpath";
				ENABLE_STRICT_OBJC_MSGSEND = YES;
				ENABLE_TESTABILITY = YES;
				GCC_C_LANGUAGE_STANDARD = gnu11;
				GCC_DYNAMIC_NO_PIC = NO;
				GCC_NO_COMMON_BLOCKS = YES;
				GCC_OPTIMIZATION_LEVEL = 0;
				GCC_PREPROCESSOR_DEFINITIONS = (
					"DEBUG=1",
					"$(inherited)",
				);
				GCC_WARN_64_TO_32_BIT_CONVERSION = YES;
				GCC_WARN_ABOUT_RETURN_TYPE = YES_ERROR;
				GCC_WARN_UNDECLARED_SELECTOR = YES;
				GCC_WARN_UNINITIALIZED_AUTOS = YES_AGGRESSIVE;
				GCC_WARN_UNUSED_FUNCTION = YES;
				GCC_WARN_UNUSED_VARIABLE = YES;
				INFOPLIST_FILE = Sources/Info.plist;
				INSTALL_PATH = "$(LOCAL_LIBRARY_DIR)/Frameworks";
				LD_RUNPATH_SEARCH_PATHS = (
					"$(inherited)",
					"@executable_path/Frameworks",
					"@loader_path/Frameworks",
				);
				MTL_ENABLE_DEBUG_INFO = INCLUDE_SOURCE;
				MTL_FAST_MATH = YES;
				ONLY_ACTIVE_ARCH = YES;
				PRODUCT_BUNDLE_IDENTIFIER = "com.ubique.$(PROJECT_NAME)";
				SDKROOT = watchos;
				SKIP_INSTALL = YES;
				SWIFT_ACTIVE_COMPILATION_CONDITIONS = DEBUG;
				SWIFT_OPTIMIZATION_LEVEL = "-Onone";
				SWIFT_VERSION = 4.2;
				TARGETED_DEVICE_FAMILY = 4;
				VERSIONING_SYSTEM = "apple-generic";
				VERSION_INFO_PREFIX = "";
			};
			name = Debug;
		};
		8EBD477F224063D300CD2639 /* Release */ = {
			isa = XCBuildConfiguration;
			buildSettings = {
				ALWAYS_SEARCH_USER_PATHS = NO;
				APPLICATION_EXTENSION_API_ONLY = YES;
				CLANG_ANALYZER_NONNULL = YES;
				CLANG_ANALYZER_NUMBER_OBJECT_CONVERSION = YES_AGGRESSIVE;
				CLANG_CXX_LANGUAGE_STANDARD = "gnu++14";
				CLANG_CXX_LIBRARY = "libc++";
				CLANG_ENABLE_MODULES = YES;
				CLANG_ENABLE_OBJC_ARC = YES;
				CLANG_ENABLE_OBJC_WEAK = YES;
				CLANG_WARN_BLOCK_CAPTURE_AUTORELEASING = YES;
				CLANG_WARN_BOOL_CONVERSION = YES;
				CLANG_WARN_COMMA = YES;
				CLANG_WARN_CONSTANT_CONVERSION = YES;
				CLANG_WARN_DEPRECATED_OBJC_IMPLEMENTATIONS = YES;
				CLANG_WARN_DIRECT_OBJC_ISA_USAGE = YES_ERROR;
				CLANG_WARN_DOCUMENTATION_COMMENTS = YES;
				CLANG_WARN_EMPTY_BODY = YES;
				CLANG_WARN_ENUM_CONVERSION = YES;
				CLANG_WARN_INFINITE_RECURSION = YES;
				CLANG_WARN_INT_CONVERSION = YES;
				CLANG_WARN_NON_LITERAL_NULL_CONVERSION = YES;
				CLANG_WARN_OBJC_IMPLICIT_RETAIN_SELF = YES;
				CLANG_WARN_OBJC_LITERAL_CONVERSION = YES;
				CLANG_WARN_OBJC_ROOT_CLASS = YES_ERROR;
				CLANG_WARN_RANGE_LOOP_ANALYSIS = YES;
				CLANG_WARN_STRICT_PROTOTYPES = YES;
				CLANG_WARN_SUSPICIOUS_MOVE = YES;
				CLANG_WARN_UNGUARDED_AVAILABILITY = YES_AGGRESSIVE;
				CLANG_WARN_UNREACHABLE_CODE = YES;
				CLANG_WARN__DUPLICATE_METHOD_MATCH = YES;
				CODE_SIGN_IDENTITY = "";
				CODE_SIGN_STYLE = Automatic;
				COPY_PHASE_STRIP = NO;
				CURRENT_PROJECT_VERSION = 1;
				DEBUG_INFORMATION_FORMAT = "dwarf-with-dsym";
				DEFINES_MODULE = YES;
				DEVELOPMENT_TEAM = JH7CQD4MLU;
				DYLIB_COMPATIBILITY_VERSION = 1;
				DYLIB_CURRENT_VERSION = 1;
				DYLIB_INSTALL_NAME_BASE = "@rpath";
				ENABLE_NS_ASSERTIONS = NO;
				ENABLE_STRICT_OBJC_MSGSEND = YES;
				GCC_C_LANGUAGE_STANDARD = gnu11;
				GCC_NO_COMMON_BLOCKS = YES;
				GCC_WARN_64_TO_32_BIT_CONVERSION = YES;
				GCC_WARN_ABOUT_RETURN_TYPE = YES_ERROR;
				GCC_WARN_UNDECLARED_SELECTOR = YES;
				GCC_WARN_UNINITIALIZED_AUTOS = YES_AGGRESSIVE;
				GCC_WARN_UNUSED_FUNCTION = YES;
				GCC_WARN_UNUSED_VARIABLE = YES;
				INFOPLIST_FILE = Sources/Info.plist;
				INSTALL_PATH = "$(LOCAL_LIBRARY_DIR)/Frameworks";
				LD_RUNPATH_SEARCH_PATHS = (
					"$(inherited)",
					"@executable_path/Frameworks",
					"@loader_path/Frameworks",
				);
				MTL_ENABLE_DEBUG_INFO = NO;
				MTL_FAST_MATH = YES;
				PRODUCT_BUNDLE_IDENTIFIER = "com.ubique.$(PROJECT_NAME)";
				SDKROOT = watchos;
				SKIP_INSTALL = YES;
				SWIFT_COMPILATION_MODE = wholemodule;
				SWIFT_OPTIMIZATION_LEVEL = "-O";
				SWIFT_VERSION = 4.2;
				TARGETED_DEVICE_FAMILY = 4;
				VALIDATE_PRODUCT = YES;
				VERSIONING_SYSTEM = "apple-generic";
				VERSION_INFO_PREFIX = "";
			};
			name = Release;
		};
		8EBD478B224063FD00CD2639 /* Debug */ = {
			isa = XCBuildConfiguration;
			buildSettings = {
				ALWAYS_SEARCH_USER_PATHS = NO;
				CLANG_ANALYZER_NONNULL = YES;
				CLANG_ANALYZER_NUMBER_OBJECT_CONVERSION = YES_AGGRESSIVE;
				CLANG_CXX_LANGUAGE_STANDARD = "gnu++14";
				CLANG_CXX_LIBRARY = "libc++";
				CLANG_ENABLE_MODULES = YES;
				CLANG_ENABLE_OBJC_ARC = YES;
				CLANG_ENABLE_OBJC_WEAK = YES;
				CLANG_WARN_BLOCK_CAPTURE_AUTORELEASING = YES;
				CLANG_WARN_BOOL_CONVERSION = YES;
				CLANG_WARN_COMMA = YES;
				CLANG_WARN_CONSTANT_CONVERSION = YES;
				CLANG_WARN_DEPRECATED_OBJC_IMPLEMENTATIONS = YES;
				CLANG_WARN_DIRECT_OBJC_ISA_USAGE = YES_ERROR;
				CLANG_WARN_DOCUMENTATION_COMMENTS = YES;
				CLANG_WARN_EMPTY_BODY = YES;
				CLANG_WARN_ENUM_CONVERSION = YES;
				CLANG_WARN_INFINITE_RECURSION = YES;
				CLANG_WARN_INT_CONVERSION = YES;
				CLANG_WARN_NON_LITERAL_NULL_CONVERSION = YES;
				CLANG_WARN_OBJC_IMPLICIT_RETAIN_SELF = YES;
				CLANG_WARN_OBJC_LITERAL_CONVERSION = YES;
				CLANG_WARN_OBJC_ROOT_CLASS = YES_ERROR;
				CLANG_WARN_RANGE_LOOP_ANALYSIS = YES;
				CLANG_WARN_STRICT_PROTOTYPES = YES;
				CLANG_WARN_SUSPICIOUS_MOVE = YES;
				CLANG_WARN_UNGUARDED_AVAILABILITY = YES_AGGRESSIVE;
				CLANG_WARN_UNREACHABLE_CODE = YES;
				CLANG_WARN__DUPLICATE_METHOD_MATCH = YES;
				CODE_SIGN_IDENTITY = "";
				CODE_SIGN_STYLE = Automatic;
				COPY_PHASE_STRIP = NO;
				CURRENT_PROJECT_VERSION = 1;
				DEBUG_INFORMATION_FORMAT = dwarf;
				DEFINES_MODULE = YES;
				DEVELOPMENT_TEAM = JH7CQD4MLU;
				DYLIB_COMPATIBILITY_VERSION = 1;
				DYLIB_CURRENT_VERSION = 1;
				DYLIB_INSTALL_NAME_BASE = "@rpath";
				ENABLE_STRICT_OBJC_MSGSEND = YES;
				ENABLE_TESTABILITY = YES;
				GCC_C_LANGUAGE_STANDARD = gnu11;
				GCC_DYNAMIC_NO_PIC = NO;
				GCC_NO_COMMON_BLOCKS = YES;
				GCC_OPTIMIZATION_LEVEL = 0;
				GCC_PREPROCESSOR_DEFINITIONS = (
					"DEBUG=1",
					"$(inherited)",
				);
				GCC_WARN_64_TO_32_BIT_CONVERSION = YES;
				GCC_WARN_ABOUT_RETURN_TYPE = YES_ERROR;
				GCC_WARN_UNDECLARED_SELECTOR = YES;
				GCC_WARN_UNINITIALIZED_AUTOS = YES_AGGRESSIVE;
				GCC_WARN_UNUSED_FUNCTION = YES;
				GCC_WARN_UNUSED_VARIABLE = YES;
				INFOPLIST_FILE = Sources/Info.plist;
				INSTALL_PATH = "$(LOCAL_LIBRARY_DIR)/Frameworks";
				LD_RUNPATH_SEARCH_PATHS = (
					"$(inherited)",
					"@executable_path/Frameworks",
					"@loader_path/Frameworks",
				);
				MTL_ENABLE_DEBUG_INFO = INCLUDE_SOURCE;
				MTL_FAST_MATH = YES;
				ONLY_ACTIVE_ARCH = YES;
				PRODUCT_BUNDLE_IDENTIFIER = "com.ubique.$(PROJECT_NAME)";
				SDKROOT = appletvos;
				SKIP_INSTALL = YES;
				SWIFT_ACTIVE_COMPILATION_CONDITIONS = DEBUG;
				SWIFT_OPTIMIZATION_LEVEL = "-Onone";
				SWIFT_VERSION = 4.2;
				TARGETED_DEVICE_FAMILY = 3;
				VERSIONING_SYSTEM = "apple-generic";
				VERSION_INFO_PREFIX = "";
			};
			name = Debug;
		};
		8EBD478C224063FD00CD2639 /* Release */ = {
			isa = XCBuildConfiguration;
			buildSettings = {
				ALWAYS_SEARCH_USER_PATHS = NO;
				CLANG_ANALYZER_NONNULL = YES;
				CLANG_ANALYZER_NUMBER_OBJECT_CONVERSION = YES_AGGRESSIVE;
				CLANG_CXX_LANGUAGE_STANDARD = "gnu++14";
				CLANG_CXX_LIBRARY = "libc++";
				CLANG_ENABLE_MODULES = YES;
				CLANG_ENABLE_OBJC_ARC = YES;
				CLANG_ENABLE_OBJC_WEAK = YES;
				CLANG_WARN_BLOCK_CAPTURE_AUTORELEASING = YES;
				CLANG_WARN_BOOL_CONVERSION = YES;
				CLANG_WARN_COMMA = YES;
				CLANG_WARN_CONSTANT_CONVERSION = YES;
				CLANG_WARN_DEPRECATED_OBJC_IMPLEMENTATIONS = YES;
				CLANG_WARN_DIRECT_OBJC_ISA_USAGE = YES_ERROR;
				CLANG_WARN_DOCUMENTATION_COMMENTS = YES;
				CLANG_WARN_EMPTY_BODY = YES;
				CLANG_WARN_ENUM_CONVERSION = YES;
				CLANG_WARN_INFINITE_RECURSION = YES;
				CLANG_WARN_INT_CONVERSION = YES;
				CLANG_WARN_NON_LITERAL_NULL_CONVERSION = YES;
				CLANG_WARN_OBJC_IMPLICIT_RETAIN_SELF = YES;
				CLANG_WARN_OBJC_LITERAL_CONVERSION = YES;
				CLANG_WARN_OBJC_ROOT_CLASS = YES_ERROR;
				CLANG_WARN_RANGE_LOOP_ANALYSIS = YES;
				CLANG_WARN_STRICT_PROTOTYPES = YES;
				CLANG_WARN_SUSPICIOUS_MOVE = YES;
				CLANG_WARN_UNGUARDED_AVAILABILITY = YES_AGGRESSIVE;
				CLANG_WARN_UNREACHABLE_CODE = YES;
				CLANG_WARN__DUPLICATE_METHOD_MATCH = YES;
				CODE_SIGN_IDENTITY = "";
				CODE_SIGN_STYLE = Automatic;
				COPY_PHASE_STRIP = NO;
				CURRENT_PROJECT_VERSION = 1;
				DEBUG_INFORMATION_FORMAT = "dwarf-with-dsym";
				DEFINES_MODULE = YES;
				DEVELOPMENT_TEAM = JH7CQD4MLU;
				DYLIB_COMPATIBILITY_VERSION = 1;
				DYLIB_CURRENT_VERSION = 1;
				DYLIB_INSTALL_NAME_BASE = "@rpath";
				ENABLE_NS_ASSERTIONS = NO;
				ENABLE_STRICT_OBJC_MSGSEND = YES;
				GCC_C_LANGUAGE_STANDARD = gnu11;
				GCC_NO_COMMON_BLOCKS = YES;
				GCC_WARN_64_TO_32_BIT_CONVERSION = YES;
				GCC_WARN_ABOUT_RETURN_TYPE = YES_ERROR;
				GCC_WARN_UNDECLARED_SELECTOR = YES;
				GCC_WARN_UNINITIALIZED_AUTOS = YES_AGGRESSIVE;
				GCC_WARN_UNUSED_FUNCTION = YES;
				GCC_WARN_UNUSED_VARIABLE = YES;
				INFOPLIST_FILE = Sources/Info.plist;
				INSTALL_PATH = "$(LOCAL_LIBRARY_DIR)/Frameworks";
				LD_RUNPATH_SEARCH_PATHS = (
					"$(inherited)",
					"@executable_path/Frameworks",
					"@loader_path/Frameworks",
				);
				MTL_ENABLE_DEBUG_INFO = NO;
				MTL_FAST_MATH = YES;
				PRODUCT_BUNDLE_IDENTIFIER = "com.ubique.$(PROJECT_NAME)";
				SDKROOT = appletvos;
				SKIP_INSTALL = YES;
				SWIFT_COMPILATION_MODE = wholemodule;
				SWIFT_OPTIMIZATION_LEVEL = "-O";
				SWIFT_VERSION = 4.2;
				TARGETED_DEVICE_FAMILY = 3;
				VALIDATE_PRODUCT = YES;
				VERSIONING_SYSTEM = "apple-generic";
				VERSION_INFO_PREFIX = "";
			};
			name = Release;
		};
		8EBD47982240642300CD2639 /* Debug */ = {
			isa = XCBuildConfiguration;
			buildSettings = {
				ALWAYS_SEARCH_USER_PATHS = NO;
				CLANG_ANALYZER_NONNULL = YES;
				CLANG_ANALYZER_NUMBER_OBJECT_CONVERSION = YES_AGGRESSIVE;
				CLANG_CXX_LANGUAGE_STANDARD = "gnu++14";
				CLANG_CXX_LIBRARY = "libc++";
				CLANG_ENABLE_MODULES = YES;
				CLANG_ENABLE_OBJC_ARC = YES;
				CLANG_ENABLE_OBJC_WEAK = YES;
				CLANG_WARN_BLOCK_CAPTURE_AUTORELEASING = YES;
				CLANG_WARN_BOOL_CONVERSION = YES;
				CLANG_WARN_COMMA = YES;
				CLANG_WARN_CONSTANT_CONVERSION = YES;
				CLANG_WARN_DEPRECATED_OBJC_IMPLEMENTATIONS = YES;
				CLANG_WARN_DIRECT_OBJC_ISA_USAGE = YES_ERROR;
				CLANG_WARN_DOCUMENTATION_COMMENTS = YES;
				CLANG_WARN_EMPTY_BODY = YES;
				CLANG_WARN_ENUM_CONVERSION = YES;
				CLANG_WARN_INFINITE_RECURSION = YES;
				CLANG_WARN_INT_CONVERSION = YES;
				CLANG_WARN_NON_LITERAL_NULL_CONVERSION = YES;
				CLANG_WARN_OBJC_IMPLICIT_RETAIN_SELF = YES;
				CLANG_WARN_OBJC_LITERAL_CONVERSION = YES;
				CLANG_WARN_OBJC_ROOT_CLASS = YES_ERROR;
				CLANG_WARN_RANGE_LOOP_ANALYSIS = YES;
				CLANG_WARN_STRICT_PROTOTYPES = YES;
				CLANG_WARN_SUSPICIOUS_MOVE = YES;
				CLANG_WARN_UNGUARDED_AVAILABILITY = YES_AGGRESSIVE;
				CLANG_WARN_UNREACHABLE_CODE = YES;
				CLANG_WARN__DUPLICATE_METHOD_MATCH = YES;
				CODE_SIGN_IDENTITY = "Mac Developer";
				CODE_SIGN_STYLE = Automatic;
				COMBINE_HIDPI_IMAGES = YES;
				COPY_PHASE_STRIP = NO;
				CURRENT_PROJECT_VERSION = 1;
				DEBUG_INFORMATION_FORMAT = dwarf;
				DEFINES_MODULE = YES;
				DEVELOPMENT_TEAM = JH7CQD4MLU;
				DYLIB_COMPATIBILITY_VERSION = 1;
				DYLIB_CURRENT_VERSION = 1;
				DYLIB_INSTALL_NAME_BASE = "@rpath";
				ENABLE_STRICT_OBJC_MSGSEND = YES;
				ENABLE_TESTABILITY = YES;
				FRAMEWORK_VERSION = A;
				GCC_C_LANGUAGE_STANDARD = gnu11;
				GCC_DYNAMIC_NO_PIC = NO;
				GCC_NO_COMMON_BLOCKS = YES;
				GCC_OPTIMIZATION_LEVEL = 0;
				GCC_PREPROCESSOR_DEFINITIONS = (
					"DEBUG=1",
					"$(inherited)",
				);
				GCC_WARN_64_TO_32_BIT_CONVERSION = YES;
				GCC_WARN_ABOUT_RETURN_TYPE = YES_ERROR;
				GCC_WARN_UNDECLARED_SELECTOR = YES;
				GCC_WARN_UNINITIALIZED_AUTOS = YES_AGGRESSIVE;
				GCC_WARN_UNUSED_FUNCTION = YES;
				GCC_WARN_UNUSED_VARIABLE = YES;
				INFOPLIST_FILE = Sources/Info.plist;
				INSTALL_PATH = "$(LOCAL_LIBRARY_DIR)/Frameworks";
				LD_RUNPATH_SEARCH_PATHS = (
					"$(inherited)",
					"@executable_path/../Frameworks",
					"@loader_path/Frameworks",
				);
				MTL_ENABLE_DEBUG_INFO = INCLUDE_SOURCE;
				MTL_FAST_MATH = YES;
				ONLY_ACTIVE_ARCH = YES;
				PRODUCT_BUNDLE_IDENTIFIER = "com.ubique.$(PROJECT_NAME)";
				SDKROOT = macosx;
				SKIP_INSTALL = YES;
				SWIFT_ACTIVE_COMPILATION_CONDITIONS = DEBUG;
				SWIFT_OPTIMIZATION_LEVEL = "-Onone";
				SWIFT_VERSION = 4.2;
				VERSIONING_SYSTEM = "apple-generic";
				VERSION_INFO_PREFIX = "";
			};
			name = Debug;
		};
		8EBD47992240642300CD2639 /* Release */ = {
			isa = XCBuildConfiguration;
			buildSettings = {
				ALWAYS_SEARCH_USER_PATHS = NO;
				CLANG_ANALYZER_NONNULL = YES;
				CLANG_ANALYZER_NUMBER_OBJECT_CONVERSION = YES_AGGRESSIVE;
				CLANG_CXX_LANGUAGE_STANDARD = "gnu++14";
				CLANG_CXX_LIBRARY = "libc++";
				CLANG_ENABLE_MODULES = YES;
				CLANG_ENABLE_OBJC_ARC = YES;
				CLANG_ENABLE_OBJC_WEAK = YES;
				CLANG_WARN_BLOCK_CAPTURE_AUTORELEASING = YES;
				CLANG_WARN_BOOL_CONVERSION = YES;
				CLANG_WARN_COMMA = YES;
				CLANG_WARN_CONSTANT_CONVERSION = YES;
				CLANG_WARN_DEPRECATED_OBJC_IMPLEMENTATIONS = YES;
				CLANG_WARN_DIRECT_OBJC_ISA_USAGE = YES_ERROR;
				CLANG_WARN_DOCUMENTATION_COMMENTS = YES;
				CLANG_WARN_EMPTY_BODY = YES;
				CLANG_WARN_ENUM_CONVERSION = YES;
				CLANG_WARN_INFINITE_RECURSION = YES;
				CLANG_WARN_INT_CONVERSION = YES;
				CLANG_WARN_NON_LITERAL_NULL_CONVERSION = YES;
				CLANG_WARN_OBJC_IMPLICIT_RETAIN_SELF = YES;
				CLANG_WARN_OBJC_LITERAL_CONVERSION = YES;
				CLANG_WARN_OBJC_ROOT_CLASS = YES_ERROR;
				CLANG_WARN_RANGE_LOOP_ANALYSIS = YES;
				CLANG_WARN_STRICT_PROTOTYPES = YES;
				CLANG_WARN_SUSPICIOUS_MOVE = YES;
				CLANG_WARN_UNGUARDED_AVAILABILITY = YES_AGGRESSIVE;
				CLANG_WARN_UNREACHABLE_CODE = YES;
				CLANG_WARN__DUPLICATE_METHOD_MATCH = YES;
				CODE_SIGN_IDENTITY = "Mac Developer";
				CODE_SIGN_STYLE = Automatic;
				COMBINE_HIDPI_IMAGES = YES;
				COPY_PHASE_STRIP = NO;
				CURRENT_PROJECT_VERSION = 1;
				DEBUG_INFORMATION_FORMAT = "dwarf-with-dsym";
				DEFINES_MODULE = YES;
				DEVELOPMENT_TEAM = JH7CQD4MLU;
				DYLIB_COMPATIBILITY_VERSION = 1;
				DYLIB_CURRENT_VERSION = 1;
				DYLIB_INSTALL_NAME_BASE = "@rpath";
				ENABLE_NS_ASSERTIONS = NO;
				ENABLE_STRICT_OBJC_MSGSEND = YES;
				FRAMEWORK_VERSION = A;
				GCC_C_LANGUAGE_STANDARD = gnu11;
				GCC_NO_COMMON_BLOCKS = YES;
				GCC_WARN_64_TO_32_BIT_CONVERSION = YES;
				GCC_WARN_ABOUT_RETURN_TYPE = YES_ERROR;
				GCC_WARN_UNDECLARED_SELECTOR = YES;
				GCC_WARN_UNINITIALIZED_AUTOS = YES_AGGRESSIVE;
				GCC_WARN_UNUSED_FUNCTION = YES;
				GCC_WARN_UNUSED_VARIABLE = YES;
				INFOPLIST_FILE = Sources/Info.plist;
				INSTALL_PATH = "$(LOCAL_LIBRARY_DIR)/Frameworks";
				LD_RUNPATH_SEARCH_PATHS = (
					"$(inherited)",
					"@executable_path/../Frameworks",
					"@loader_path/Frameworks",
				);
				MTL_ENABLE_DEBUG_INFO = NO;
				MTL_FAST_MATH = YES;
				PRODUCT_BUNDLE_IDENTIFIER = "com.ubique.$(PROJECT_NAME)";
				SDKROOT = macosx;
				SKIP_INSTALL = YES;
				SWIFT_COMPILATION_MODE = wholemodule;
				SWIFT_OPTIMIZATION_LEVEL = "-O";
				SWIFT_VERSION = 4.2;
				VERSIONING_SYSTEM = "apple-generic";
				VERSION_INFO_PREFIX = "";
			};
			name = Release;
		};
		8EBD47BB22406F8900CD2639 /* Debug */ = {
			isa = XCBuildConfiguration;
			buildSettings = {
				ALWAYS_EMBED_SWIFT_STANDARD_LIBRARIES = YES;
				ALWAYS_SEARCH_USER_PATHS = NO;
				APPLICATION_EXTENSION_API_ONLY = NO;
				CLANG_ANALYZER_NONNULL = YES;
				CLANG_ANALYZER_NUMBER_OBJECT_CONVERSION = YES_AGGRESSIVE;
				CLANG_CXX_LANGUAGE_STANDARD = "gnu++14";
				CLANG_CXX_LIBRARY = "libc++";
				CLANG_ENABLE_MODULES = YES;
				CLANG_ENABLE_OBJC_ARC = YES;
				CLANG_ENABLE_OBJC_WEAK = YES;
				CLANG_WARN_BLOCK_CAPTURE_AUTORELEASING = YES;
				CLANG_WARN_BOOL_CONVERSION = YES;
				CLANG_WARN_COMMA = YES;
				CLANG_WARN_CONSTANT_CONVERSION = YES;
				CLANG_WARN_DEPRECATED_OBJC_IMPLEMENTATIONS = YES;
				CLANG_WARN_DIRECT_OBJC_ISA_USAGE = YES_ERROR;
				CLANG_WARN_DOCUMENTATION_COMMENTS = YES;
				CLANG_WARN_EMPTY_BODY = YES;
				CLANG_WARN_ENUM_CONVERSION = YES;
				CLANG_WARN_INFINITE_RECURSION = YES;
				CLANG_WARN_INT_CONVERSION = YES;
				CLANG_WARN_NON_LITERAL_NULL_CONVERSION = YES;
				CLANG_WARN_OBJC_IMPLICIT_RETAIN_SELF = YES;
				CLANG_WARN_OBJC_LITERAL_CONVERSION = YES;
				CLANG_WARN_OBJC_ROOT_CLASS = YES_ERROR;
				CLANG_WARN_RANGE_LOOP_ANALYSIS = YES;
				CLANG_WARN_STRICT_PROTOTYPES = YES;
				CLANG_WARN_SUSPICIOUS_MOVE = YES;
				CLANG_WARN_UNGUARDED_AVAILABILITY = YES_AGGRESSIVE;
				CLANG_WARN_UNREACHABLE_CODE = YES;
				CLANG_WARN__DUPLICATE_METHOD_MATCH = YES;
				CODE_SIGN_IDENTITY = "iPhone Developer";
				CODE_SIGN_STYLE = Automatic;
				COPY_PHASE_STRIP = NO;
				DEBUG_INFORMATION_FORMAT = dwarf;
				DEVELOPMENT_TEAM = JH7CQD4MLU;
				ENABLE_STRICT_OBJC_MSGSEND = YES;
				ENABLE_TESTABILITY = YES;
				GCC_C_LANGUAGE_STANDARD = gnu11;
				GCC_DYNAMIC_NO_PIC = NO;
				GCC_NO_COMMON_BLOCKS = YES;
				GCC_OPTIMIZATION_LEVEL = 0;
				GCC_PREPROCESSOR_DEFINITIONS = (
					"DEBUG=1",
					"$(inherited)",
				);
				GCC_WARN_64_TO_32_BIT_CONVERSION = YES;
				GCC_WARN_ABOUT_RETURN_TYPE = YES_ERROR;
				GCC_WARN_UNDECLARED_SELECTOR = YES;
				GCC_WARN_UNINITIALIZED_AUTOS = YES_AGGRESSIVE;
				GCC_WARN_UNUSED_FUNCTION = YES;
				GCC_WARN_UNUSED_VARIABLE = YES;
				INFOPLIST_FILE = Tests/Info.plist;
				LD_RUNPATH_SEARCH_PATHS = (
					"$(inherited)",
					"@executable_path/Frameworks",
					"@loader_path/Frameworks",
				);
				MTL_ENABLE_DEBUG_INFO = INCLUDE_SOURCE;
				MTL_FAST_MATH = YES;
				ONLY_ACTIVE_ARCH = YES;
				PRODUCT_BUNDLE_IDENTIFIER = "com.ubique.UBFoundation-Tests";
				PRODUCT_NAME = "$(TARGET_NAME)";
				SDKROOT = iphoneos;
				SWIFT_ACTIVE_COMPILATION_CONDITIONS = DEBUG;
				SWIFT_OPTIMIZATION_LEVEL = "-Onone";
				SWIFT_VERSION = 4.2;
				TARGETED_DEVICE_FAMILY = "1,2";
			};
			name = Debug;
		};
		8EBD47BC22406F8900CD2639 /* Release */ = {
			isa = XCBuildConfiguration;
			buildSettings = {
				ALWAYS_EMBED_SWIFT_STANDARD_LIBRARIES = YES;
				ALWAYS_SEARCH_USER_PATHS = NO;
				APPLICATION_EXTENSION_API_ONLY = NO;
				CLANG_ANALYZER_NONNULL = YES;
				CLANG_ANALYZER_NUMBER_OBJECT_CONVERSION = YES_AGGRESSIVE;
				CLANG_CXX_LANGUAGE_STANDARD = "gnu++14";
				CLANG_CXX_LIBRARY = "libc++";
				CLANG_ENABLE_MODULES = YES;
				CLANG_ENABLE_OBJC_ARC = YES;
				CLANG_ENABLE_OBJC_WEAK = YES;
				CLANG_WARN_BLOCK_CAPTURE_AUTORELEASING = YES;
				CLANG_WARN_BOOL_CONVERSION = YES;
				CLANG_WARN_COMMA = YES;
				CLANG_WARN_CONSTANT_CONVERSION = YES;
				CLANG_WARN_DEPRECATED_OBJC_IMPLEMENTATIONS = YES;
				CLANG_WARN_DIRECT_OBJC_ISA_USAGE = YES_ERROR;
				CLANG_WARN_DOCUMENTATION_COMMENTS = YES;
				CLANG_WARN_EMPTY_BODY = YES;
				CLANG_WARN_ENUM_CONVERSION = YES;
				CLANG_WARN_INFINITE_RECURSION = YES;
				CLANG_WARN_INT_CONVERSION = YES;
				CLANG_WARN_NON_LITERAL_NULL_CONVERSION = YES;
				CLANG_WARN_OBJC_IMPLICIT_RETAIN_SELF = YES;
				CLANG_WARN_OBJC_LITERAL_CONVERSION = YES;
				CLANG_WARN_OBJC_ROOT_CLASS = YES_ERROR;
				CLANG_WARN_RANGE_LOOP_ANALYSIS = YES;
				CLANG_WARN_STRICT_PROTOTYPES = YES;
				CLANG_WARN_SUSPICIOUS_MOVE = YES;
				CLANG_WARN_UNGUARDED_AVAILABILITY = YES_AGGRESSIVE;
				CLANG_WARN_UNREACHABLE_CODE = YES;
				CLANG_WARN__DUPLICATE_METHOD_MATCH = YES;
				CODE_SIGN_IDENTITY = "iPhone Developer";
				CODE_SIGN_STYLE = Automatic;
				COPY_PHASE_STRIP = NO;
				DEBUG_INFORMATION_FORMAT = "dwarf-with-dsym";
				DEVELOPMENT_TEAM = JH7CQD4MLU;
				ENABLE_NS_ASSERTIONS = NO;
				ENABLE_STRICT_OBJC_MSGSEND = YES;
				GCC_C_LANGUAGE_STANDARD = gnu11;
				GCC_NO_COMMON_BLOCKS = YES;
				GCC_WARN_64_TO_32_BIT_CONVERSION = YES;
				GCC_WARN_ABOUT_RETURN_TYPE = YES_ERROR;
				GCC_WARN_UNDECLARED_SELECTOR = YES;
				GCC_WARN_UNINITIALIZED_AUTOS = YES_AGGRESSIVE;
				GCC_WARN_UNUSED_FUNCTION = YES;
				GCC_WARN_UNUSED_VARIABLE = YES;
				INFOPLIST_FILE = Tests/Info.plist;
				LD_RUNPATH_SEARCH_PATHS = (
					"$(inherited)",
					"@executable_path/Frameworks",
					"@loader_path/Frameworks",
				);
				MTL_ENABLE_DEBUG_INFO = NO;
				MTL_FAST_MATH = YES;
				PRODUCT_BUNDLE_IDENTIFIER = "com.ubique.UBFoundation-Tests";
				PRODUCT_NAME = "$(TARGET_NAME)";
				SDKROOT = iphoneos;
				SWIFT_COMPILATION_MODE = wholemodule;
				SWIFT_OPTIMIZATION_LEVEL = "-O";
				SWIFT_VERSION = 4.2;
				TARGETED_DEVICE_FAMILY = "1,2";
				VALIDATE_PRODUCT = YES;
			};
			name = Release;
		};
		8EBD47CA22406FB400CD2639 /* Debug */ = {
			isa = XCBuildConfiguration;
			buildSettings = {
				ALWAYS_EMBED_SWIFT_STANDARD_LIBRARIES = YES;
				ALWAYS_SEARCH_USER_PATHS = NO;
				APPLICATION_EXTENSION_API_ONLY = NO;
				CLANG_ANALYZER_NONNULL = YES;
				CLANG_ANALYZER_NUMBER_OBJECT_CONVERSION = YES_AGGRESSIVE;
				CLANG_CXX_LANGUAGE_STANDARD = "gnu++14";
				CLANG_CXX_LIBRARY = "libc++";
				CLANG_ENABLE_MODULES = YES;
				CLANG_ENABLE_OBJC_ARC = YES;
				CLANG_ENABLE_OBJC_WEAK = YES;
				CLANG_WARN_BLOCK_CAPTURE_AUTORELEASING = YES;
				CLANG_WARN_BOOL_CONVERSION = YES;
				CLANG_WARN_COMMA = YES;
				CLANG_WARN_CONSTANT_CONVERSION = YES;
				CLANG_WARN_DEPRECATED_OBJC_IMPLEMENTATIONS = YES;
				CLANG_WARN_DIRECT_OBJC_ISA_USAGE = YES_ERROR;
				CLANG_WARN_DOCUMENTATION_COMMENTS = YES;
				CLANG_WARN_EMPTY_BODY = YES;
				CLANG_WARN_ENUM_CONVERSION = YES;
				CLANG_WARN_INFINITE_RECURSION = YES;
				CLANG_WARN_INT_CONVERSION = YES;
				CLANG_WARN_NON_LITERAL_NULL_CONVERSION = YES;
				CLANG_WARN_OBJC_IMPLICIT_RETAIN_SELF = YES;
				CLANG_WARN_OBJC_LITERAL_CONVERSION = YES;
				CLANG_WARN_OBJC_ROOT_CLASS = YES_ERROR;
				CLANG_WARN_RANGE_LOOP_ANALYSIS = YES;
				CLANG_WARN_STRICT_PROTOTYPES = YES;
				CLANG_WARN_SUSPICIOUS_MOVE = YES;
				CLANG_WARN_UNGUARDED_AVAILABILITY = YES_AGGRESSIVE;
				CLANG_WARN_UNREACHABLE_CODE = YES;
				CLANG_WARN__DUPLICATE_METHOD_MATCH = YES;
				CODE_SIGN_STYLE = Automatic;
				COPY_PHASE_STRIP = NO;
				DEBUG_INFORMATION_FORMAT = dwarf;
				DEVELOPMENT_TEAM = JH7CQD4MLU;
				ENABLE_STRICT_OBJC_MSGSEND = YES;
				ENABLE_TESTABILITY = YES;
				GCC_C_LANGUAGE_STANDARD = gnu11;
				GCC_DYNAMIC_NO_PIC = NO;
				GCC_NO_COMMON_BLOCKS = YES;
				GCC_OPTIMIZATION_LEVEL = 0;
				GCC_PREPROCESSOR_DEFINITIONS = (
					"DEBUG=1",
					"$(inherited)",
				);
				GCC_WARN_64_TO_32_BIT_CONVERSION = YES;
				GCC_WARN_ABOUT_RETURN_TYPE = YES_ERROR;
				GCC_WARN_UNDECLARED_SELECTOR = YES;
				GCC_WARN_UNINITIALIZED_AUTOS = YES_AGGRESSIVE;
				GCC_WARN_UNUSED_FUNCTION = YES;
				GCC_WARN_UNUSED_VARIABLE = YES;
				INFOPLIST_FILE = Tests/Info.plist;
				LD_RUNPATH_SEARCH_PATHS = (
					"$(inherited)",
					"@executable_path/Frameworks",
					"@loader_path/Frameworks",
				);
				MTL_ENABLE_DEBUG_INFO = INCLUDE_SOURCE;
				MTL_FAST_MATH = YES;
				ONLY_ACTIVE_ARCH = YES;
				PRODUCT_BUNDLE_IDENTIFIER = "com.ubique.UBFoundation-Tests";
				PRODUCT_NAME = "$(TARGET_NAME)";
				SDKROOT = appletvos;
				SWIFT_ACTIVE_COMPILATION_CONDITIONS = DEBUG;
				SWIFT_OPTIMIZATION_LEVEL = "-Onone";
				SWIFT_VERSION = 4.2;
				TARGETED_DEVICE_FAMILY = 3;
			};
			name = Debug;
		};
		8EBD47CB22406FB400CD2639 /* Release */ = {
			isa = XCBuildConfiguration;
			buildSettings = {
				ALWAYS_EMBED_SWIFT_STANDARD_LIBRARIES = YES;
				ALWAYS_SEARCH_USER_PATHS = NO;
				APPLICATION_EXTENSION_API_ONLY = NO;
				CLANG_ANALYZER_NONNULL = YES;
				CLANG_ANALYZER_NUMBER_OBJECT_CONVERSION = YES_AGGRESSIVE;
				CLANG_CXX_LANGUAGE_STANDARD = "gnu++14";
				CLANG_CXX_LIBRARY = "libc++";
				CLANG_ENABLE_MODULES = YES;
				CLANG_ENABLE_OBJC_ARC = YES;
				CLANG_ENABLE_OBJC_WEAK = YES;
				CLANG_WARN_BLOCK_CAPTURE_AUTORELEASING = YES;
				CLANG_WARN_BOOL_CONVERSION = YES;
				CLANG_WARN_COMMA = YES;
				CLANG_WARN_CONSTANT_CONVERSION = YES;
				CLANG_WARN_DEPRECATED_OBJC_IMPLEMENTATIONS = YES;
				CLANG_WARN_DIRECT_OBJC_ISA_USAGE = YES_ERROR;
				CLANG_WARN_DOCUMENTATION_COMMENTS = YES;
				CLANG_WARN_EMPTY_BODY = YES;
				CLANG_WARN_ENUM_CONVERSION = YES;
				CLANG_WARN_INFINITE_RECURSION = YES;
				CLANG_WARN_INT_CONVERSION = YES;
				CLANG_WARN_NON_LITERAL_NULL_CONVERSION = YES;
				CLANG_WARN_OBJC_IMPLICIT_RETAIN_SELF = YES;
				CLANG_WARN_OBJC_LITERAL_CONVERSION = YES;
				CLANG_WARN_OBJC_ROOT_CLASS = YES_ERROR;
				CLANG_WARN_RANGE_LOOP_ANALYSIS = YES;
				CLANG_WARN_STRICT_PROTOTYPES = YES;
				CLANG_WARN_SUSPICIOUS_MOVE = YES;
				CLANG_WARN_UNGUARDED_AVAILABILITY = YES_AGGRESSIVE;
				CLANG_WARN_UNREACHABLE_CODE = YES;
				CLANG_WARN__DUPLICATE_METHOD_MATCH = YES;
				CODE_SIGN_STYLE = Automatic;
				COPY_PHASE_STRIP = NO;
				DEBUG_INFORMATION_FORMAT = "dwarf-with-dsym";
				DEVELOPMENT_TEAM = JH7CQD4MLU;
				ENABLE_NS_ASSERTIONS = NO;
				ENABLE_STRICT_OBJC_MSGSEND = YES;
				GCC_C_LANGUAGE_STANDARD = gnu11;
				GCC_NO_COMMON_BLOCKS = YES;
				GCC_WARN_64_TO_32_BIT_CONVERSION = YES;
				GCC_WARN_ABOUT_RETURN_TYPE = YES_ERROR;
				GCC_WARN_UNDECLARED_SELECTOR = YES;
				GCC_WARN_UNINITIALIZED_AUTOS = YES_AGGRESSIVE;
				GCC_WARN_UNUSED_FUNCTION = YES;
				GCC_WARN_UNUSED_VARIABLE = YES;
				INFOPLIST_FILE = Tests/Info.plist;
				LD_RUNPATH_SEARCH_PATHS = (
					"$(inherited)",
					"@executable_path/Frameworks",
					"@loader_path/Frameworks",
				);
				MTL_ENABLE_DEBUG_INFO = NO;
				MTL_FAST_MATH = YES;
				PRODUCT_BUNDLE_IDENTIFIER = "com.ubique.UBFoundation-Tests";
				PRODUCT_NAME = "$(TARGET_NAME)";
				SDKROOT = appletvos;
				SWIFT_COMPILATION_MODE = wholemodule;
				SWIFT_OPTIMIZATION_LEVEL = "-O";
				SWIFT_VERSION = 4.2;
				TARGETED_DEVICE_FAMILY = 3;
				VALIDATE_PRODUCT = YES;
			};
			name = Release;
		};
		8EBD47D922406FC200CD2639 /* Debug */ = {
			isa = XCBuildConfiguration;
			buildSettings = {
				ALWAYS_EMBED_SWIFT_STANDARD_LIBRARIES = YES;
				ALWAYS_SEARCH_USER_PATHS = NO;
				APPLICATION_EXTENSION_API_ONLY = NO;
				CLANG_ANALYZER_NONNULL = YES;
				CLANG_ANALYZER_NUMBER_OBJECT_CONVERSION = YES_AGGRESSIVE;
				CLANG_CXX_LANGUAGE_STANDARD = "gnu++14";
				CLANG_CXX_LIBRARY = "libc++";
				CLANG_ENABLE_MODULES = YES;
				CLANG_ENABLE_OBJC_ARC = YES;
				CLANG_ENABLE_OBJC_WEAK = YES;
				CLANG_WARN_BLOCK_CAPTURE_AUTORELEASING = YES;
				CLANG_WARN_BOOL_CONVERSION = YES;
				CLANG_WARN_COMMA = YES;
				CLANG_WARN_CONSTANT_CONVERSION = YES;
				CLANG_WARN_DEPRECATED_OBJC_IMPLEMENTATIONS = YES;
				CLANG_WARN_DIRECT_OBJC_ISA_USAGE = YES_ERROR;
				CLANG_WARN_DOCUMENTATION_COMMENTS = YES;
				CLANG_WARN_EMPTY_BODY = YES;
				CLANG_WARN_ENUM_CONVERSION = YES;
				CLANG_WARN_INFINITE_RECURSION = YES;
				CLANG_WARN_INT_CONVERSION = YES;
				CLANG_WARN_NON_LITERAL_NULL_CONVERSION = YES;
				CLANG_WARN_OBJC_IMPLICIT_RETAIN_SELF = YES;
				CLANG_WARN_OBJC_LITERAL_CONVERSION = YES;
				CLANG_WARN_OBJC_ROOT_CLASS = YES_ERROR;
				CLANG_WARN_RANGE_LOOP_ANALYSIS = YES;
				CLANG_WARN_STRICT_PROTOTYPES = YES;
				CLANG_WARN_SUSPICIOUS_MOVE = YES;
				CLANG_WARN_UNGUARDED_AVAILABILITY = YES_AGGRESSIVE;
				CLANG_WARN_UNREACHABLE_CODE = YES;
				CLANG_WARN__DUPLICATE_METHOD_MATCH = YES;
				CODE_SIGN_IDENTITY = "Mac Developer";
				CODE_SIGN_STYLE = Automatic;
				COMBINE_HIDPI_IMAGES = YES;
				COPY_PHASE_STRIP = NO;
				DEBUG_INFORMATION_FORMAT = dwarf;
				DEVELOPMENT_TEAM = JH7CQD4MLU;
				ENABLE_STRICT_OBJC_MSGSEND = YES;
				ENABLE_TESTABILITY = YES;
				GCC_C_LANGUAGE_STANDARD = gnu11;
				GCC_DYNAMIC_NO_PIC = NO;
				GCC_NO_COMMON_BLOCKS = YES;
				GCC_OPTIMIZATION_LEVEL = 0;
				GCC_PREPROCESSOR_DEFINITIONS = (
					"DEBUG=1",
					"$(inherited)",
				);
				GCC_WARN_64_TO_32_BIT_CONVERSION = YES;
				GCC_WARN_ABOUT_RETURN_TYPE = YES_ERROR;
				GCC_WARN_UNDECLARED_SELECTOR = YES;
				GCC_WARN_UNINITIALIZED_AUTOS = YES_AGGRESSIVE;
				GCC_WARN_UNUSED_FUNCTION = YES;
				GCC_WARN_UNUSED_VARIABLE = YES;
				INFOPLIST_FILE = Tests/Info.plist;
				LD_RUNPATH_SEARCH_PATHS = (
					"$(inherited)",
					"@executable_path/../Frameworks",
					"@loader_path/../Frameworks",
				);
				MTL_ENABLE_DEBUG_INFO = INCLUDE_SOURCE;
				MTL_FAST_MATH = YES;
				ONLY_ACTIVE_ARCH = YES;
				PRODUCT_BUNDLE_IDENTIFIER = "com.ubique.UBFoundation-Tests";
				PRODUCT_NAME = "$(TARGET_NAME)";
				SDKROOT = macosx;
				SWIFT_ACTIVE_COMPILATION_CONDITIONS = DEBUG;
				SWIFT_OPTIMIZATION_LEVEL = "-Onone";
				SWIFT_VERSION = 4.2;
			};
			name = Debug;
		};
		8EBD47DA22406FC200CD2639 /* Release */ = {
			isa = XCBuildConfiguration;
			buildSettings = {
				ALWAYS_EMBED_SWIFT_STANDARD_LIBRARIES = YES;
				ALWAYS_SEARCH_USER_PATHS = NO;
				APPLICATION_EXTENSION_API_ONLY = NO;
				CLANG_ANALYZER_NONNULL = YES;
				CLANG_ANALYZER_NUMBER_OBJECT_CONVERSION = YES_AGGRESSIVE;
				CLANG_CXX_LANGUAGE_STANDARD = "gnu++14";
				CLANG_CXX_LIBRARY = "libc++";
				CLANG_ENABLE_MODULES = YES;
				CLANG_ENABLE_OBJC_ARC = YES;
				CLANG_ENABLE_OBJC_WEAK = YES;
				CLANG_WARN_BLOCK_CAPTURE_AUTORELEASING = YES;
				CLANG_WARN_BOOL_CONVERSION = YES;
				CLANG_WARN_COMMA = YES;
				CLANG_WARN_CONSTANT_CONVERSION = YES;
				CLANG_WARN_DEPRECATED_OBJC_IMPLEMENTATIONS = YES;
				CLANG_WARN_DIRECT_OBJC_ISA_USAGE = YES_ERROR;
				CLANG_WARN_DOCUMENTATION_COMMENTS = YES;
				CLANG_WARN_EMPTY_BODY = YES;
				CLANG_WARN_ENUM_CONVERSION = YES;
				CLANG_WARN_INFINITE_RECURSION = YES;
				CLANG_WARN_INT_CONVERSION = YES;
				CLANG_WARN_NON_LITERAL_NULL_CONVERSION = YES;
				CLANG_WARN_OBJC_IMPLICIT_RETAIN_SELF = YES;
				CLANG_WARN_OBJC_LITERAL_CONVERSION = YES;
				CLANG_WARN_OBJC_ROOT_CLASS = YES_ERROR;
				CLANG_WARN_RANGE_LOOP_ANALYSIS = YES;
				CLANG_WARN_STRICT_PROTOTYPES = YES;
				CLANG_WARN_SUSPICIOUS_MOVE = YES;
				CLANG_WARN_UNGUARDED_AVAILABILITY = YES_AGGRESSIVE;
				CLANG_WARN_UNREACHABLE_CODE = YES;
				CLANG_WARN__DUPLICATE_METHOD_MATCH = YES;
				CODE_SIGN_IDENTITY = "Mac Developer";
				CODE_SIGN_STYLE = Automatic;
				COMBINE_HIDPI_IMAGES = YES;
				COPY_PHASE_STRIP = NO;
				DEBUG_INFORMATION_FORMAT = "dwarf-with-dsym";
				DEVELOPMENT_TEAM = JH7CQD4MLU;
				ENABLE_NS_ASSERTIONS = NO;
				ENABLE_STRICT_OBJC_MSGSEND = YES;
				GCC_C_LANGUAGE_STANDARD = gnu11;
				GCC_NO_COMMON_BLOCKS = YES;
				GCC_WARN_64_TO_32_BIT_CONVERSION = YES;
				GCC_WARN_ABOUT_RETURN_TYPE = YES_ERROR;
				GCC_WARN_UNDECLARED_SELECTOR = YES;
				GCC_WARN_UNINITIALIZED_AUTOS = YES_AGGRESSIVE;
				GCC_WARN_UNUSED_FUNCTION = YES;
				GCC_WARN_UNUSED_VARIABLE = YES;
				INFOPLIST_FILE = Tests/Info.plist;
				LD_RUNPATH_SEARCH_PATHS = (
					"$(inherited)",
					"@executable_path/../Frameworks",
					"@loader_path/../Frameworks",
				);
				MTL_ENABLE_DEBUG_INFO = NO;
				MTL_FAST_MATH = YES;
				PRODUCT_BUNDLE_IDENTIFIER = "com.ubique.UBFoundation-Tests";
				PRODUCT_NAME = "$(TARGET_NAME)";
				SDKROOT = macosx;
				SWIFT_COMPILATION_MODE = wholemodule;
				SWIFT_OPTIMIZATION_LEVEL = "-O";
				SWIFT_VERSION = 4.2;
			};
			name = Release;
		};
/* End XCBuildConfiguration section */

/* Begin XCConfigurationList section */
		8EBD47622240636A00CD2639 /* Build configuration list for PBXProject "UBFoundation" */ = {
			isa = XCConfigurationList;
			buildConfigurations = (
				8EBD47632240636A00CD2639 /* Debug */,
				8EBD47642240636A00CD2639 /* Release */,
			);
			defaultConfigurationIsVisible = 0;
			defaultConfigurationName = Release;
		};
		8EBD4770224063B400CD2639 /* Build configuration list for PBXNativeTarget "UBFoundation iOS" */ = {
			isa = XCConfigurationList;
			buildConfigurations = (
				8EBD4771224063B400CD2639 /* Debug */,
				8EBD4772224063B400CD2639 /* Release */,
			);
			defaultConfigurationIsVisible = 0;
			defaultConfigurationName = Release;
		};
		8EBD477D224063D300CD2639 /* Build configuration list for PBXNativeTarget "UBFoundation watchOS" */ = {
			isa = XCConfigurationList;
			buildConfigurations = (
				8EBD477E224063D300CD2639 /* Debug */,
				8EBD477F224063D300CD2639 /* Release */,
			);
			defaultConfigurationIsVisible = 0;
			defaultConfigurationName = Release;
		};
		8EBD478A224063FD00CD2639 /* Build configuration list for PBXNativeTarget "UBFoundation tvOS" */ = {
			isa = XCConfigurationList;
			buildConfigurations = (
				8EBD478B224063FD00CD2639 /* Debug */,
				8EBD478C224063FD00CD2639 /* Release */,
			);
			defaultConfigurationIsVisible = 0;
			defaultConfigurationName = Release;
		};
		8EBD47972240642300CD2639 /* Build configuration list for PBXNativeTarget "UBFoundation macOS" */ = {
			isa = XCConfigurationList;
			buildConfigurations = (
				8EBD47982240642300CD2639 /* Debug */,
				8EBD47992240642300CD2639 /* Release */,
			);
			defaultConfigurationIsVisible = 0;
			defaultConfigurationName = Release;
		};
		8EBD47BA22406F8900CD2639 /* Build configuration list for PBXNativeTarget "UBFoundation iOS Tests" */ = {
			isa = XCConfigurationList;
			buildConfigurations = (
				8EBD47BB22406F8900CD2639 /* Debug */,
				8EBD47BC22406F8900CD2639 /* Release */,
			);
			defaultConfigurationIsVisible = 0;
			defaultConfigurationName = Release;
		};
		8EBD47C922406FB400CD2639 /* Build configuration list for PBXNativeTarget "UBFoundation tvOS Tests" */ = {
			isa = XCConfigurationList;
			buildConfigurations = (
				8EBD47CA22406FB400CD2639 /* Debug */,
				8EBD47CB22406FB400CD2639 /* Release */,
			);
			defaultConfigurationIsVisible = 0;
			defaultConfigurationName = Release;
		};
		8EBD47D822406FC200CD2639 /* Build configuration list for PBXNativeTarget "UBFoundation macOS Tests" */ = {
			isa = XCConfigurationList;
			buildConfigurations = (
				8EBD47D922406FC200CD2639 /* Debug */,
				8EBD47DA22406FC200CD2639 /* Release */,
			);
			defaultConfigurationIsVisible = 0;
			defaultConfigurationName = Release;
		};
/* End XCConfigurationList section */
	};
	rootObject = 8EBD475F2240636A00CD2639 /* Project object */;
}
